// !$*UTF8*$!
{
	archiveVersion = 1;
	classes = {
	};
	objectVersion = 50;
	objects = {

/* Begin PBXBuildFile section */
		B64C257C220975DE0034C01B /* Identifiable.swift in Sources */ = {isa = PBXBuildFile; fileRef = B64C257B220975DE0034C01B /* Identifiable.swift */; };
		B64C257D220975DE0034C01B /* Identifiable.swift in Sources */ = {isa = PBXBuildFile; fileRef = B64C257B220975DE0034C01B /* Identifiable.swift */; };
		B64C257E220975DE0034C01B /* Identifiable.swift in Sources */ = {isa = PBXBuildFile; fileRef = B64C257B220975DE0034C01B /* Identifiable.swift */; };
		B64C2580220976300034C01B /* Modelable.swift in Sources */ = {isa = PBXBuildFile; fileRef = B64C257F220976300034C01B /* Modelable.swift */; };
		B64C2581220976300034C01B /* Modelable.swift in Sources */ = {isa = PBXBuildFile; fileRef = B64C257F220976300034C01B /* Modelable.swift */; };
		B64C2582220976300034C01B /* Modelable.swift in Sources */ = {isa = PBXBuildFile; fileRef = B64C257F220976300034C01B /* Modelable.swift */; };
		B64C2588220976D20034C01B /* Constants.swift in Sources */ = {isa = PBXBuildFile; fileRef = B64C2587220976D20034C01B /* Constants.swift */; };
		B64C2589220976D20034C01B /* Constants.swift in Sources */ = {isa = PBXBuildFile; fileRef = B64C2587220976D20034C01B /* Constants.swift */; };
		B64C258A220976D20034C01B /* Constants.swift in Sources */ = {isa = PBXBuildFile; fileRef = B64C2587220976D20034C01B /* Constants.swift */; };
		B64C259022097DB90034C01B /* BaseViewModel.swift in Sources */ = {isa = PBXBuildFile; fileRef = B64C258F22097DB90034C01B /* BaseViewModel.swift */; };
		B64C259122097DB90034C01B /* BaseViewModel.swift in Sources */ = {isa = PBXBuildFile; fileRef = B64C258F22097DB90034C01B /* BaseViewModel.swift */; };
		B64C259222097DB90034C01B /* BaseViewModel.swift in Sources */ = {isa = PBXBuildFile; fileRef = B64C258F22097DB90034C01B /* BaseViewModel.swift */; };
		B64C259D220988DB0034C01B /* StoryboardBased.swift in Sources */ = {isa = PBXBuildFile; fileRef = B64C259C220988DB0034C01B /* StoryboardBased.swift */; };
		B64C259E220988DB0034C01B /* StoryboardBased.swift in Sources */ = {isa = PBXBuildFile; fileRef = B64C259C220988DB0034C01B /* StoryboardBased.swift */; };
		B64C259F220988DB0034C01B /* StoryboardBased.swift in Sources */ = {isa = PBXBuildFile; fileRef = B64C259C220988DB0034C01B /* StoryboardBased.swift */; };
		B64C25A622098BD40034C01B /* MediaSearchViewModel.swift in Sources */ = {isa = PBXBuildFile; fileRef = B64C25A522098BD40034C01B /* MediaSearchViewModel.swift */; };
		B64C25A722098BD40034C01B /* MediaSearchViewModel.swift in Sources */ = {isa = PBXBuildFile; fileRef = B64C25A522098BD40034C01B /* MediaSearchViewModel.swift */; };
		B64C25A822098BD40034C01B /* MediaSearchViewModel.swift in Sources */ = {isa = PBXBuildFile; fileRef = B64C25A522098BD40034C01B /* MediaSearchViewModel.swift */; };
		B64C25AA220993080034C01B /* Observable.swift in Sources */ = {isa = PBXBuildFile; fileRef = B64C25A9220993080034C01B /* Observable.swift */; };
		B64C25AB220993080034C01B /* Observable.swift in Sources */ = {isa = PBXBuildFile; fileRef = B64C25A9220993080034C01B /* Observable.swift */; };
		B64C25AC220993080034C01B /* Observable.swift in Sources */ = {isa = PBXBuildFile; fileRef = B64C25A9220993080034C01B /* Observable.swift */; };
		B64C25BA220994190034C01B /* UICollectionView+.swift in Sources */ = {isa = PBXBuildFile; fileRef = B64C25B9220994190034C01B /* UICollectionView+.swift */; };
		B64C25BB220994190034C01B /* UICollectionView+.swift in Sources */ = {isa = PBXBuildFile; fileRef = B64C25B9220994190034C01B /* UICollectionView+.swift */; };
		B64C25BC220994190034C01B /* UICollectionView+.swift in Sources */ = {isa = PBXBuildFile; fileRef = B64C25B9220994190034C01B /* UICollectionView+.swift */; };
		B64C25BE220994240034C01B /* UITableView+.swift in Sources */ = {isa = PBXBuildFile; fileRef = B64C25BD220994240034C01B /* UITableView+.swift */; };
		B64C25BF220994240034C01B /* UITableView+.swift in Sources */ = {isa = PBXBuildFile; fileRef = B64C25BD220994240034C01B /* UITableView+.swift */; };
		B64C25C0220994240034C01B /* UITableView+.swift in Sources */ = {isa = PBXBuildFile; fileRef = B64C25BD220994240034C01B /* UITableView+.swift */; };
		B64C25CB220999240034C01B /* BaseViewController.swift in Sources */ = {isa = PBXBuildFile; fileRef = B64C25CA220999240034C01B /* BaseViewController.swift */; };
		B64C25CC220999240034C01B /* BaseViewController.swift in Sources */ = {isa = PBXBuildFile; fileRef = B64C25CA220999240034C01B /* BaseViewController.swift */; };
		B64C25CD220999240034C01B /* BaseViewController.swift in Sources */ = {isa = PBXBuildFile; fileRef = B64C25CA220999240034C01B /* BaseViewController.swift */; };
		B64C25CF2209A4570034C01B /* BaseListViewModel.swift in Sources */ = {isa = PBXBuildFile; fileRef = B64C25CE2209A4570034C01B /* BaseListViewModel.swift */; };
		B64C25D02209A4570034C01B /* BaseListViewModel.swift in Sources */ = {isa = PBXBuildFile; fileRef = B64C25CE2209A4570034C01B /* BaseListViewModel.swift */; };
		B64C25D12209A4570034C01B /* BaseListViewModel.swift in Sources */ = {isa = PBXBuildFile; fileRef = B64C25CE2209A4570034C01B /* BaseListViewModel.swift */; };
		B64C25D52209AF480034C01B /* MediaCollectionViewCell.swift in Sources */ = {isa = PBXBuildFile; fileRef = B64C25D32209AF480034C01B /* MediaCollectionViewCell.swift */; };
		B64C25D62209AF480034C01B /* MediaCollectionViewCell.swift in Sources */ = {isa = PBXBuildFile; fileRef = B64C25D32209AF480034C01B /* MediaCollectionViewCell.swift */; };
		B64C25D72209AF480034C01B /* MediaCollectionViewCell.swift in Sources */ = {isa = PBXBuildFile; fileRef = B64C25D32209AF480034C01B /* MediaCollectionViewCell.swift */; };
		B64C25D82209AF480034C01B /* MediaCollectionViewCell.xib in Resources */ = {isa = PBXBuildFile; fileRef = B64C25D42209AF480034C01B /* MediaCollectionViewCell.xib */; };
		B64C25D92209AF480034C01B /* MediaCollectionViewCell.xib in Resources */ = {isa = PBXBuildFile; fileRef = B64C25D42209AF480034C01B /* MediaCollectionViewCell.xib */; };
		B64C25DA2209AF480034C01B /* MediaCollectionViewCell.xib in Resources */ = {isa = PBXBuildFile; fileRef = B64C25D42209AF480034C01B /* MediaCollectionViewCell.xib */; };
		B64C25E02209B1810034C01B /* UIImageView+.swift in Sources */ = {isa = PBXBuildFile; fileRef = B64C25DF2209B1810034C01B /* UIImageView+.swift */; };
		B64C25E12209B1810034C01B /* UIImageView+.swift in Sources */ = {isa = PBXBuildFile; fileRef = B64C25DF2209B1810034C01B /* UIImageView+.swift */; };
		B64C25E22209B1810034C01B /* UIImageView+.swift in Sources */ = {isa = PBXBuildFile; fileRef = B64C25DF2209B1810034C01B /* UIImageView+.swift */; };
		B64C25E42209B5930034C01B /* CellViewModel.swift in Sources */ = {isa = PBXBuildFile; fileRef = B64C25E32209B5930034C01B /* CellViewModel.swift */; };
		B64C25E52209B5930034C01B /* CellViewModel.swift in Sources */ = {isa = PBXBuildFile; fileRef = B64C25E32209B5930034C01B /* CellViewModel.swift */; };
		B64C25E62209B5930034C01B /* CellViewModel.swift in Sources */ = {isa = PBXBuildFile; fileRef = B64C25E32209B5930034C01B /* CellViewModel.swift */; };
		B64C25E82209B6170034C01B /* Settable.swift in Sources */ = {isa = PBXBuildFile; fileRef = B64C25E72209B6170034C01B /* Settable.swift */; };
		B64C25E92209B6170034C01B /* Settable.swift in Sources */ = {isa = PBXBuildFile; fileRef = B64C25E72209B6170034C01B /* Settable.swift */; };
		B64C25EA2209B6170034C01B /* Settable.swift in Sources */ = {isa = PBXBuildFile; fileRef = B64C25E72209B6170034C01B /* Settable.swift */; };
		B64C25EC2209B6BE0034C01B /* MediaCellViewModel.swift in Sources */ = {isa = PBXBuildFile; fileRef = B64C25EB2209B6BE0034C01B /* MediaCellViewModel.swift */; };
		B64C25ED2209B6BE0034C01B /* MediaCellViewModel.swift in Sources */ = {isa = PBXBuildFile; fileRef = B64C25EB2209B6BE0034C01B /* MediaCellViewModel.swift */; };
		B64C25EE2209B6BE0034C01B /* MediaCellViewModel.swift in Sources */ = {isa = PBXBuildFile; fileRef = B64C25EB2209B6BE0034C01B /* MediaCellViewModel.swift */; };
		B64C25F02209BAC80034C01B /* SectionViewModel.swift in Sources */ = {isa = PBXBuildFile; fileRef = B64C25EF2209BAC80034C01B /* SectionViewModel.swift */; };
		B64C25F12209BAC80034C01B /* SectionViewModel.swift in Sources */ = {isa = PBXBuildFile; fileRef = B64C25EF2209BAC80034C01B /* SectionViewModel.swift */; };
		B64C25F22209BAC80034C01B /* SectionViewModel.swift in Sources */ = {isa = PBXBuildFile; fileRef = B64C25EF2209BAC80034C01B /* SectionViewModel.swift */; };
		B64C25F62209CBDE0034C01B /* UIView+.swift in Sources */ = {isa = PBXBuildFile; fileRef = B64C25F52209CBDE0034C01B /* UIView+.swift */; };
		B64C25F72209CBDE0034C01B /* UIView+.swift in Sources */ = {isa = PBXBuildFile; fileRef = B64C25F52209CBDE0034C01B /* UIView+.swift */; };
		B64C25F82209CBDE0034C01B /* UIView+.swift in Sources */ = {isa = PBXBuildFile; fileRef = B64C25F52209CBDE0034C01B /* UIView+.swift */; };
		B64C25FA2209D2E50034C01B /* UIScrollView+.swift in Sources */ = {isa = PBXBuildFile; fileRef = B64C25F92209D2E50034C01B /* UIScrollView+.swift */; };
		B64C25FB2209D2E50034C01B /* UIScrollView+.swift in Sources */ = {isa = PBXBuildFile; fileRef = B64C25F92209D2E50034C01B /* UIScrollView+.swift */; };
		B64C25FC2209D2E50034C01B /* UIScrollView+.swift in Sources */ = {isa = PBXBuildFile; fileRef = B64C25F92209D2E50034C01B /* UIScrollView+.swift */; };
		B64C25FE2209D5200034C01B /* BaseCollectionViewCell.swift in Sources */ = {isa = PBXBuildFile; fileRef = B64C25FD2209D5200034C01B /* BaseCollectionViewCell.swift */; };
		B64C25FF2209D5200034C01B /* BaseCollectionViewCell.swift in Sources */ = {isa = PBXBuildFile; fileRef = B64C25FD2209D5200034C01B /* BaseCollectionViewCell.swift */; };
		B64C26002209D5200034C01B /* BaseCollectionViewCell.swift in Sources */ = {isa = PBXBuildFile; fileRef = B64C25FD2209D5200034C01B /* BaseCollectionViewCell.swift */; };
		B6B61786220A030200E7F372 /* Localizable.strings in Resources */ = {isa = PBXBuildFile; fileRef = B6B6178A220A030200E7F372 /* Localizable.strings */; };
		B6B61787220A030200E7F372 /* Localizable.strings in Resources */ = {isa = PBXBuildFile; fileRef = B6B6178A220A030200E7F372 /* Localizable.strings */; };
		B6B61788220A030200E7F372 /* Localizable.strings in Resources */ = {isa = PBXBuildFile; fileRef = B6B6178A220A030200E7F372 /* Localizable.strings */; };
		B6B6178D220A0E4800E7F372 /* SystemConfiguration.framework in Frameworks */ = {isa = PBXBuildFile; fileRef = B6B6178C220A0E4800E7F372 /* SystemConfiguration.framework */; };
		B6B6178E220A0E5000E7F372 /* SystemConfiguration.framework in Frameworks */ = {isa = PBXBuildFile; fileRef = B6B6178C220A0E4800E7F372 /* SystemConfiguration.framework */; };
		B6B6178F220A0E5600E7F372 /* SystemConfiguration.framework in Frameworks */ = {isa = PBXBuildFile; fileRef = B6B6178C220A0E4800E7F372 /* SystemConfiguration.framework */; };
		B6B61791220A0E6700E7F372 /* Reachability.swift in Sources */ = {isa = PBXBuildFile; fileRef = B6B61790220A0E6700E7F372 /* Reachability.swift */; };
		B6B61792220A0E6700E7F372 /* Reachability.swift in Sources */ = {isa = PBXBuildFile; fileRef = B6B61790220A0E6700E7F372 /* Reachability.swift */; };
		B6B61793220A0E6700E7F372 /* Reachability.swift in Sources */ = {isa = PBXBuildFile; fileRef = B6B61790220A0E6700E7F372 /* Reachability.swift */; };
		B6B6179A220A21AF00E7F372 /* DeviceManager.swift in Sources */ = {isa = PBXBuildFile; fileRef = B6B61799220A21AF00E7F372 /* DeviceManager.swift */; };
		B6B6179B220A21AF00E7F372 /* DeviceManager.swift in Sources */ = {isa = PBXBuildFile; fileRef = B6B61799220A21AF00E7F372 /* DeviceManager.swift */; };
		B6B6179C220A21AF00E7F372 /* DeviceManager.swift in Sources */ = {isa = PBXBuildFile; fileRef = B6B61799220A21AF00E7F372 /* DeviceManager.swift */; };
		B6B6179E220A275700E7F372 /* NavigationController.swift in Sources */ = {isa = PBXBuildFile; fileRef = B6B6179D220A275700E7F372 /* NavigationController.swift */; };
		B6B6179F220A275700E7F372 /* NavigationController.swift in Sources */ = {isa = PBXBuildFile; fileRef = B6B6179D220A275700E7F372 /* NavigationController.swift */; };
		B6B617A0220A275700E7F372 /* NavigationController.swift in Sources */ = {isa = PBXBuildFile; fileRef = B6B6179D220A275700E7F372 /* NavigationController.swift */; };
		B6B617A2220A295B00E7F372 /* TabController.swift in Sources */ = {isa = PBXBuildFile; fileRef = B6B617A1220A295B00E7F372 /* TabController.swift */; };
		B6B617A3220A295B00E7F372 /* TabController.swift in Sources */ = {isa = PBXBuildFile; fileRef = B6B617A1220A295B00E7F372 /* TabController.swift */; };
		B6B617A4220A295B00E7F372 /* TabController.swift in Sources */ = {isa = PBXBuildFile; fileRef = B6B617A1220A295B00E7F372 /* TabController.swift */; };
		B6B617AF220A2B8800E7F372 /* UIApplication+.swift in Sources */ = {isa = PBXBuildFile; fileRef = B6B617AE220A2B8800E7F372 /* UIApplication+.swift */; };
		B6B617B0220A2B8800E7F372 /* UIApplication+.swift in Sources */ = {isa = PBXBuildFile; fileRef = B6B617AE220A2B8800E7F372 /* UIApplication+.swift */; };
		B6B617B1220A2B8800E7F372 /* UIApplication+.swift in Sources */ = {isa = PBXBuildFile; fileRef = B6B617AE220A2B8800E7F372 /* UIApplication+.swift */; };
		B6B617BF220A320300E7F372 /* MediaSearchViewController.swift in Sources */ = {isa = PBXBuildFile; fileRef = B6B617BD220A320300E7F372 /* MediaSearchViewController.swift */; };
		B6B617C0220A320300E7F372 /* MediaSearchViewController.swift in Sources */ = {isa = PBXBuildFile; fileRef = B6B617BD220A320300E7F372 /* MediaSearchViewController.swift */; };
		B6B617C1220A320300E7F372 /* MediaSearchViewController.swift in Sources */ = {isa = PBXBuildFile; fileRef = B6B617BD220A320300E7F372 /* MediaSearchViewController.swift */; };
		B6B617C2220A320300E7F372 /* MediaSearchViewController.xib in Resources */ = {isa = PBXBuildFile; fileRef = B6B617BE220A320300E7F372 /* MediaSearchViewController.xib */; };
		B6B617C3220A320300E7F372 /* MediaSearchViewController.xib in Resources */ = {isa = PBXBuildFile; fileRef = B6B617BE220A320300E7F372 /* MediaSearchViewController.xib */; };
		B6B617C4220A320300E7F372 /* MediaSearchViewController.xib in Resources */ = {isa = PBXBuildFile; fileRef = B6B617BE220A320300E7F372 /* MediaSearchViewController.xib */; };
		B6B617C6220A332700E7F372 /* UInterfaceBased.swift in Sources */ = {isa = PBXBuildFile; fileRef = B6B617C5220A332700E7F372 /* UInterfaceBased.swift */; };
		B6B617C7220A332700E7F372 /* UInterfaceBased.swift in Sources */ = {isa = PBXBuildFile; fileRef = B6B617C5220A332700E7F372 /* UInterfaceBased.swift */; };
		B6B617C8220A332700E7F372 /* UInterfaceBased.swift in Sources */ = {isa = PBXBuildFile; fileRef = B6B617C5220A332700E7F372 /* UInterfaceBased.swift */; };
		B6B617CA220A337500E7F372 /* UIViewController+.swift in Sources */ = {isa = PBXBuildFile; fileRef = B6B617C9220A337500E7F372 /* UIViewController+.swift */; };
		B6B617CB220A337500E7F372 /* UIViewController+.swift in Sources */ = {isa = PBXBuildFile; fileRef = B6B617C9220A337500E7F372 /* UIViewController+.swift */; };
		B6B617CC220A337500E7F372 /* UIViewController+.swift in Sources */ = {isa = PBXBuildFile; fileRef = B6B617C9220A337500E7F372 /* UIViewController+.swift */; };
		B6B617CF220A364F00E7F372 /* SettingsViewController.swift in Sources */ = {isa = PBXBuildFile; fileRef = B6B617CD220A364F00E7F372 /* SettingsViewController.swift */; };
		B6B617D0220A364F00E7F372 /* SettingsViewController.swift in Sources */ = {isa = PBXBuildFile; fileRef = B6B617CD220A364F00E7F372 /* SettingsViewController.swift */; };
		B6B617D1220A364F00E7F372 /* SettingsViewController.swift in Sources */ = {isa = PBXBuildFile; fileRef = B6B617CD220A364F00E7F372 /* SettingsViewController.swift */; };
		B6B617D2220A364F00E7F372 /* SettingsViewController.xib in Resources */ = {isa = PBXBuildFile; fileRef = B6B617CE220A364F00E7F372 /* SettingsViewController.xib */; };
		B6B617D3220A364F00E7F372 /* SettingsViewController.xib in Resources */ = {isa = PBXBuildFile; fileRef = B6B617CE220A364F00E7F372 /* SettingsViewController.xib */; };
		B6B617D4220A364F00E7F372 /* SettingsViewController.xib in Resources */ = {isa = PBXBuildFile; fileRef = B6B617CE220A364F00E7F372 /* SettingsViewController.xib */; };
		B6B617D7220A36D100E7F372 /* SplashViewController.swift in Sources */ = {isa = PBXBuildFile; fileRef = B6B617D5220A36D100E7F372 /* SplashViewController.swift */; };
		B6B617D8220A36D100E7F372 /* SplashViewController.swift in Sources */ = {isa = PBXBuildFile; fileRef = B6B617D5220A36D100E7F372 /* SplashViewController.swift */; };
		B6B617D9220A36D100E7F372 /* SplashViewController.swift in Sources */ = {isa = PBXBuildFile; fileRef = B6B617D5220A36D100E7F372 /* SplashViewController.swift */; };
		B6B617DA220A36D100E7F372 /* SplashViewController.xib in Resources */ = {isa = PBXBuildFile; fileRef = B6B617D6220A36D100E7F372 /* SplashViewController.xib */; };
		B6B617DB220A36D100E7F372 /* SplashViewController.xib in Resources */ = {isa = PBXBuildFile; fileRef = B6B617D6220A36D100E7F372 /* SplashViewController.xib */; };
		B6B617DC220A36D100E7F372 /* SplashViewController.xib in Resources */ = {isa = PBXBuildFile; fileRef = B6B617D6220A36D100E7F372 /* SplashViewController.xib */; };
		B6C457DF2208BD4000153920 /* AppDelegate.swift in Sources */ = {isa = PBXBuildFile; fileRef = B6C457DE2208BD4000153920 /* AppDelegate.swift */; };
		B6C457E92208BD4100153920 /* Assets.xcassets in Resources */ = {isa = PBXBuildFile; fileRef = B6C457E82208BD4100153920 /* Assets.xcassets */; };
		B6C457EC2208BD4100153920 /* LaunchScreen.storyboard in Resources */ = {isa = PBXBuildFile; fileRef = B6C457EA2208BD4100153920 /* LaunchScreen.storyboard */; };
		B6C457F72208BD4100153920 /* iTunesAPILegacyTests.swift in Sources */ = {isa = PBXBuildFile; fileRef = B6C457F62208BD4100153920 /* iTunesAPILegacyTests.swift */; };
		B6C458032208BE4F00153920 /* CoreData.framework in Frameworks */ = {isa = PBXBuildFile; fileRef = B6C458022208BE4F00153920 /* CoreData.framework */; };
		B6C458062208BE7100153920 /* iTunesAPILegacy.xcdatamodeld in Sources */ = {isa = PBXBuildFile; fileRef = B6C458042208BE7100153920 /* iTunesAPILegacy.xcdatamodeld */; };
		B6C458092208BF4100153920 /* .gitkeep in Resources */ = {isa = PBXBuildFile; fileRef = B6C458082208BF4100153920 /* .gitkeep */; };
		B6C4581C2208C1DA00153920 /* Media.swift in Sources */ = {isa = PBXBuildFile; fileRef = B6C4581B2208C1DA00153920 /* Media.swift */; };
		B6C4581F2208C6BE00153920 /* CodingUserInfoKey+.swift in Sources */ = {isa = PBXBuildFile; fileRef = B6C4581E2208C6BE00153920 /* CodingUserInfoKey+.swift */; };
		B6C458212208CAA500153920 /* CoreDataStack.swift in Sources */ = {isa = PBXBuildFile; fileRef = B6C458202208CAA500153920 /* CoreDataStack.swift */; };
		B6C458242208CF8200153920 /* AppConfig.swift in Sources */ = {isa = PBXBuildFile; fileRef = B6C458232208CF8200153920 /* AppConfig.swift */; };
		B6C458262208CFB900153920 /* Config-Develop.plist in Resources */ = {isa = PBXBuildFile; fileRef = B6C458252208CFB900153920 /* Config-Develop.plist */; };
		B6C458282208CFF100153920 /* Config-Staging.plist in Resources */ = {isa = PBXBuildFile; fileRef = B6C458272208CFF100153920 /* Config-Staging.plist */; };
		B6C4582A2208D00100153920 /* Config-Release.plist in Resources */ = {isa = PBXBuildFile; fileRef = B6C458292208D00100153920 /* Config-Release.plist */; };
		B6C4582D2208D07500153920 /* CoreDataStack.swift in Sources */ = {isa = PBXBuildFile; fileRef = B6C458202208CAA500153920 /* CoreDataStack.swift */; };
		B6C4582E2208D07500153920 /* AppDelegate.swift in Sources */ = {isa = PBXBuildFile; fileRef = B6C457DE2208BD4000153920 /* AppDelegate.swift */; };
		B6C4582F2208D07500153920 /* iTunesAPILegacy.xcdatamodeld in Sources */ = {isa = PBXBuildFile; fileRef = B6C458042208BE7100153920 /* iTunesAPILegacy.xcdatamodeld */; };
		B6C458302208D07500153920 /* AppConfig.swift in Sources */ = {isa = PBXBuildFile; fileRef = B6C458232208CF8200153920 /* AppConfig.swift */; };
		B6C458312208D07500153920 /* CodingUserInfoKey+.swift in Sources */ = {isa = PBXBuildFile; fileRef = B6C4581E2208C6BE00153920 /* CodingUserInfoKey+.swift */; };
		B6C458322208D07500153920 /* Media.swift in Sources */ = {isa = PBXBuildFile; fileRef = B6C4581B2208C1DA00153920 /* Media.swift */; };
		B6C458342208D07500153920 /* CoreData.framework in Frameworks */ = {isa = PBXBuildFile; fileRef = B6C458022208BE4F00153920 /* CoreData.framework */; };
		B6C458362208D07500153920 /* Config-Develop.plist in Resources */ = {isa = PBXBuildFile; fileRef = B6C458252208CFB900153920 /* Config-Develop.plist */; };
		B6C458372208D07500153920 /* .gitkeep in Resources */ = {isa = PBXBuildFile; fileRef = B6C458082208BF4100153920 /* .gitkeep */; };
		B6C458382208D07500153920 /* LaunchScreen.storyboard in Resources */ = {isa = PBXBuildFile; fileRef = B6C457EA2208BD4100153920 /* LaunchScreen.storyboard */; };
		B6C458392208D07500153920 /* Config-Staging.plist in Resources */ = {isa = PBXBuildFile; fileRef = B6C458272208CFF100153920 /* Config-Staging.plist */; };
		B6C4583A2208D07500153920 /* Config-Release.plist in Resources */ = {isa = PBXBuildFile; fileRef = B6C458292208D00100153920 /* Config-Release.plist */; };
		B6C4583B2208D07500153920 /* Assets.xcassets in Resources */ = {isa = PBXBuildFile; fileRef = B6C457E82208BD4100153920 /* Assets.xcassets */; };
		B6C458432208D0DD00153920 /* CoreDataStack.swift in Sources */ = {isa = PBXBuildFile; fileRef = B6C458202208CAA500153920 /* CoreDataStack.swift */; };
		B6C458442208D0DD00153920 /* AppDelegate.swift in Sources */ = {isa = PBXBuildFile; fileRef = B6C457DE2208BD4000153920 /* AppDelegate.swift */; };
		B6C458452208D0DD00153920 /* iTunesAPILegacy.xcdatamodeld in Sources */ = {isa = PBXBuildFile; fileRef = B6C458042208BE7100153920 /* iTunesAPILegacy.xcdatamodeld */; };
		B6C458462208D0DD00153920 /* AppConfig.swift in Sources */ = {isa = PBXBuildFile; fileRef = B6C458232208CF8200153920 /* AppConfig.swift */; };
		B6C458472208D0DD00153920 /* CodingUserInfoKey+.swift in Sources */ = {isa = PBXBuildFile; fileRef = B6C4581E2208C6BE00153920 /* CodingUserInfoKey+.swift */; };
		B6C458482208D0DD00153920 /* Media.swift in Sources */ = {isa = PBXBuildFile; fileRef = B6C4581B2208C1DA00153920 /* Media.swift */; };
		B6C4584A2208D0DD00153920 /* CoreData.framework in Frameworks */ = {isa = PBXBuildFile; fileRef = B6C458022208BE4F00153920 /* CoreData.framework */; };
		B6C4584C2208D0DD00153920 /* Config-Develop.plist in Resources */ = {isa = PBXBuildFile; fileRef = B6C458252208CFB900153920 /* Config-Develop.plist */; };
		B6C4584D2208D0DD00153920 /* .gitkeep in Resources */ = {isa = PBXBuildFile; fileRef = B6C458082208BF4100153920 /* .gitkeep */; };
		B6C4584E2208D0DD00153920 /* LaunchScreen.storyboard in Resources */ = {isa = PBXBuildFile; fileRef = B6C457EA2208BD4100153920 /* LaunchScreen.storyboard */; };
		B6C4584F2208D0DD00153920 /* Config-Staging.plist in Resources */ = {isa = PBXBuildFile; fileRef = B6C458272208CFF100153920 /* Config-Staging.plist */; };
		B6C458502208D0DD00153920 /* Config-Release.plist in Resources */ = {isa = PBXBuildFile; fileRef = B6C458292208D00100153920 /* Config-Release.plist */; };
		B6C458512208D0DD00153920 /* Assets.xcassets in Resources */ = {isa = PBXBuildFile; fileRef = B6C457E82208BD4100153920 /* Assets.xcassets */; };
		B6C458592208D1FE00153920 /* ServiceDefinable.swift in Sources */ = {isa = PBXBuildFile; fileRef = B6C458582208D1FE00153920 /* ServiceDefinable.swift */; };
		B6C4585A2208D1FE00153920 /* ServiceDefinable.swift in Sources */ = {isa = PBXBuildFile; fileRef = B6C458582208D1FE00153920 /* ServiceDefinable.swift */; };
		B6C4585B2208D1FE00153920 /* ServiceDefinable.swift in Sources */ = {isa = PBXBuildFile; fileRef = B6C458582208D1FE00153920 /* ServiceDefinable.swift */; };
		B6C4585D2208D38100153920 /* Result.swift in Sources */ = {isa = PBXBuildFile; fileRef = B6C4585C2208D38100153920 /* Result.swift */; };
		B6C4585E2208D38100153920 /* Result.swift in Sources */ = {isa = PBXBuildFile; fileRef = B6C4585C2208D38100153920 /* Result.swift */; };
		B6C4585F2208D38100153920 /* Result.swift in Sources */ = {isa = PBXBuildFile; fileRef = B6C4585C2208D38100153920 /* Result.swift */; };
		B6C458622208D3EB00153920 /* MediaService.swift in Sources */ = {isa = PBXBuildFile; fileRef = B6C458612208D3EB00153920 /* MediaService.swift */; };
		B6C458632208D3EB00153920 /* MediaService.swift in Sources */ = {isa = PBXBuildFile; fileRef = B6C458612208D3EB00153920 /* MediaService.swift */; };
		B6C458642208D3EB00153920 /* MediaService.swift in Sources */ = {isa = PBXBuildFile; fileRef = B6C458612208D3EB00153920 /* MediaService.swift */; };
		B6C458662208D6F300153920 /* Request.swift in Sources */ = {isa = PBXBuildFile; fileRef = B6C458652208D6F300153920 /* Request.swift */; };
		B6C458672208D6F300153920 /* Request.swift in Sources */ = {isa = PBXBuildFile; fileRef = B6C458652208D6F300153920 /* Request.swift */; };
		B6C458682208D6F300153920 /* Request.swift in Sources */ = {isa = PBXBuildFile; fileRef = B6C458652208D6F300153920 /* Request.swift */; };
		B6C4586A2208D7BD00153920 /* APIProvider.swift in Sources */ = {isa = PBXBuildFile; fileRef = B6C458692208D7BD00153920 /* APIProvider.swift */; };
		B6C4586B2208D7BD00153920 /* APIProvider.swift in Sources */ = {isa = PBXBuildFile; fileRef = B6C458692208D7BD00153920 /* APIProvider.swift */; };
		B6C4586C2208D7BD00153920 /* APIProvider.swift in Sources */ = {isa = PBXBuildFile; fileRef = B6C458692208D7BD00153920 /* APIProvider.swift */; };
		B6C4586E2208D83F00153920 /* Response.swift in Sources */ = {isa = PBXBuildFile; fileRef = B6C4586D2208D83F00153920 /* Response.swift */; };
		B6C4586F2208D83F00153920 /* Response.swift in Sources */ = {isa = PBXBuildFile; fileRef = B6C4586D2208D83F00153920 /* Response.swift */; };
		B6C458702208D83F00153920 /* Response.swift in Sources */ = {isa = PBXBuildFile; fileRef = B6C4586D2208D83F00153920 /* Response.swift */; };
		B6C458722208D84D00153920 /* APIError.swift in Sources */ = {isa = PBXBuildFile; fileRef = B6C458712208D84D00153920 /* APIError.swift */; };
		B6C458732208D84D00153920 /* APIError.swift in Sources */ = {isa = PBXBuildFile; fileRef = B6C458712208D84D00153920 /* APIError.swift */; };
		B6C458742208D84D00153920 /* APIError.swift in Sources */ = {isa = PBXBuildFile; fileRef = B6C458712208D84D00153920 /* APIError.swift */; };
		B6C4587A2208EB7900153920 /* API.swift in Sources */ = {isa = PBXBuildFile; fileRef = B6C458792208EB7900153920 /* API.swift */; };
		B6C4587B2208EB7900153920 /* API.swift in Sources */ = {isa = PBXBuildFile; fileRef = B6C458792208EB7900153920 /* API.swift */; };
		B6C4587C2208EB7900153920 /* API.swift in Sources */ = {isa = PBXBuildFile; fileRef = B6C458792208EB7900153920 /* API.swift */; };
		B6C4587E2208FE6100153920 /* String+.swift in Sources */ = {isa = PBXBuildFile; fileRef = B6C4587D2208FE6100153920 /* String+.swift */; };
		B6C4587F2208FE6100153920 /* String+.swift in Sources */ = {isa = PBXBuildFile; fileRef = B6C4587D2208FE6100153920 /* String+.swift */; };
		B6C458802208FE6100153920 /* String+.swift in Sources */ = {isa = PBXBuildFile; fileRef = B6C4587D2208FE6100153920 /* String+.swift */; };
		B6C458822208FEA300153920 /* DateFormatter+.swift in Sources */ = {isa = PBXBuildFile; fileRef = B6C458812208FEA300153920 /* DateFormatter+.swift */; };
		B6C458832208FEA300153920 /* DateFormatter+.swift in Sources */ = {isa = PBXBuildFile; fileRef = B6C458812208FEA300153920 /* DateFormatter+.swift */; };
		B6C458842208FEA300153920 /* DateFormatter+.swift in Sources */ = {isa = PBXBuildFile; fileRef = B6C458812208FEA300153920 /* DateFormatter+.swift */; };
		B6C458862208FEB000153920 /* Date+.swift in Sources */ = {isa = PBXBuildFile; fileRef = B6C458852208FEB000153920 /* Date+.swift */; };
		B6C458872208FEB000153920 /* Date+.swift in Sources */ = {isa = PBXBuildFile; fileRef = B6C458852208FEB000153920 /* Date+.swift */; };
		B6C458882208FEB000153920 /* Date+.swift in Sources */ = {isa = PBXBuildFile; fileRef = B6C458852208FEB000153920 /* Date+.swift */; };
/* End PBXBuildFile section */

/* Begin PBXContainerItemProxy section */
		B6C457F32208BD4100153920 /* PBXContainerItemProxy */ = {
			isa = PBXContainerItemProxy;
			containerPortal = B6C457D32208BD4000153920 /* Project object */;
			proxyType = 1;
			remoteGlobalIDString = B6C457DA2208BD4000153920;
			remoteInfo = iTunesAPILegacy;
		};
/* End PBXContainerItemProxy section */

/* Begin PBXFileReference section */
		B64C257B220975DE0034C01B /* Identifiable.swift */ = {isa = PBXFileReference; lastKnownFileType = sourcecode.swift; path = Identifiable.swift; sourceTree = "<group>"; };
		B64C257F220976300034C01B /* Modelable.swift */ = {isa = PBXFileReference; lastKnownFileType = sourcecode.swift; path = Modelable.swift; sourceTree = "<group>"; };
		B64C2587220976D20034C01B /* Constants.swift */ = {isa = PBXFileReference; lastKnownFileType = sourcecode.swift; path = Constants.swift; sourceTree = "<group>"; };
		B64C258F22097DB90034C01B /* BaseViewModel.swift */ = {isa = PBXFileReference; lastKnownFileType = sourcecode.swift; path = BaseViewModel.swift; sourceTree = "<group>"; };
		B64C259C220988DB0034C01B /* StoryboardBased.swift */ = {isa = PBXFileReference; lastKnownFileType = sourcecode.swift; path = StoryboardBased.swift; sourceTree = "<group>"; };
		B64C25A522098BD40034C01B /* MediaSearchViewModel.swift */ = {isa = PBXFileReference; lastKnownFileType = sourcecode.swift; path = MediaSearchViewModel.swift; sourceTree = "<group>"; };
		B64C25A9220993080034C01B /* Observable.swift */ = {isa = PBXFileReference; lastKnownFileType = sourcecode.swift; path = Observable.swift; sourceTree = "<group>"; };
		B64C25B9220994190034C01B /* UICollectionView+.swift */ = {isa = PBXFileReference; lastKnownFileType = sourcecode.swift; path = "UICollectionView+.swift"; sourceTree = "<group>"; };
		B64C25BD220994240034C01B /* UITableView+.swift */ = {isa = PBXFileReference; lastKnownFileType = sourcecode.swift; path = "UITableView+.swift"; sourceTree = "<group>"; };
		B64C25CA220999240034C01B /* BaseViewController.swift */ = {isa = PBXFileReference; lastKnownFileType = sourcecode.swift; path = BaseViewController.swift; sourceTree = "<group>"; };
		B64C25CE2209A4570034C01B /* BaseListViewModel.swift */ = {isa = PBXFileReference; lastKnownFileType = sourcecode.swift; path = BaseListViewModel.swift; sourceTree = "<group>"; };
		B64C25D32209AF480034C01B /* MediaCollectionViewCell.swift */ = {isa = PBXFileReference; lastKnownFileType = sourcecode.swift; path = MediaCollectionViewCell.swift; sourceTree = "<group>"; };
		B64C25D42209AF480034C01B /* MediaCollectionViewCell.xib */ = {isa = PBXFileReference; lastKnownFileType = file.xib; path = MediaCollectionViewCell.xib; sourceTree = "<group>"; };
		B64C25DF2209B1810034C01B /* UIImageView+.swift */ = {isa = PBXFileReference; lastKnownFileType = sourcecode.swift; path = "UIImageView+.swift"; sourceTree = "<group>"; };
		B64C25E32209B5930034C01B /* CellViewModel.swift */ = {isa = PBXFileReference; lastKnownFileType = sourcecode.swift; path = CellViewModel.swift; sourceTree = "<group>"; };
		B64C25E72209B6170034C01B /* Settable.swift */ = {isa = PBXFileReference; lastKnownFileType = sourcecode.swift; path = Settable.swift; sourceTree = "<group>"; };
		B64C25EB2209B6BE0034C01B /* MediaCellViewModel.swift */ = {isa = PBXFileReference; lastKnownFileType = sourcecode.swift; path = MediaCellViewModel.swift; sourceTree = "<group>"; };
		B64C25EF2209BAC80034C01B /* SectionViewModel.swift */ = {isa = PBXFileReference; lastKnownFileType = sourcecode.swift; path = SectionViewModel.swift; sourceTree = "<group>"; };
		B64C25F52209CBDE0034C01B /* UIView+.swift */ = {isa = PBXFileReference; lastKnownFileType = sourcecode.swift; path = "UIView+.swift"; sourceTree = "<group>"; };
		B64C25F92209D2E50034C01B /* UIScrollView+.swift */ = {isa = PBXFileReference; lastKnownFileType = sourcecode.swift; path = "UIScrollView+.swift"; sourceTree = "<group>"; };
		B64C25FD2209D5200034C01B /* BaseCollectionViewCell.swift */ = {isa = PBXFileReference; lastKnownFileType = sourcecode.swift; path = BaseCollectionViewCell.swift; sourceTree = "<group>"; };
		B6B61789220A030200E7F372 /* en */ = {isa = PBXFileReference; lastKnownFileType = text.plist.strings; name = en; path = en.lproj/Localizable.strings; sourceTree = "<group>"; };
		B6B6178B220A032600E7F372 /* tr */ = {isa = PBXFileReference; lastKnownFileType = text.plist.strings; name = tr; path = tr.lproj/Localizable.strings; sourceTree = "<group>"; };
		B6B6178C220A0E4800E7F372 /* SystemConfiguration.framework */ = {isa = PBXFileReference; lastKnownFileType = wrapper.framework; name = SystemConfiguration.framework; path = System/Library/Frameworks/SystemConfiguration.framework; sourceTree = SDKROOT; };
		B6B61790220A0E6700E7F372 /* Reachability.swift */ = {isa = PBXFileReference; lastKnownFileType = sourcecode.swift; path = Reachability.swift; sourceTree = "<group>"; };
		B6B61799220A21AF00E7F372 /* DeviceManager.swift */ = {isa = PBXFileReference; lastKnownFileType = sourcecode.swift; path = DeviceManager.swift; sourceTree = "<group>"; };
		B6B6179D220A275700E7F372 /* NavigationController.swift */ = {isa = PBXFileReference; lastKnownFileType = sourcecode.swift; path = NavigationController.swift; sourceTree = "<group>"; };
		B6B617A1220A295B00E7F372 /* TabController.swift */ = {isa = PBXFileReference; lastKnownFileType = sourcecode.swift; path = TabController.swift; sourceTree = "<group>"; };
		B6B617AE220A2B8800E7F372 /* UIApplication+.swift */ = {isa = PBXFileReference; lastKnownFileType = sourcecode.swift; path = "UIApplication+.swift"; sourceTree = "<group>"; };
		B6B617BD220A320300E7F372 /* MediaSearchViewController.swift */ = {isa = PBXFileReference; lastKnownFileType = sourcecode.swift; path = MediaSearchViewController.swift; sourceTree = "<group>"; };
		B6B617BE220A320300E7F372 /* MediaSearchViewController.xib */ = {isa = PBXFileReference; lastKnownFileType = file.xib; path = MediaSearchViewController.xib; sourceTree = "<group>"; };
		B6B617C5220A332700E7F372 /* UInterfaceBased.swift */ = {isa = PBXFileReference; lastKnownFileType = sourcecode.swift; path = UInterfaceBased.swift; sourceTree = "<group>"; };
		B6B617C9220A337500E7F372 /* UIViewController+.swift */ = {isa = PBXFileReference; lastKnownFileType = sourcecode.swift; path = "UIViewController+.swift"; sourceTree = "<group>"; };
		B6B617CD220A364F00E7F372 /* SettingsViewController.swift */ = {isa = PBXFileReference; lastKnownFileType = sourcecode.swift; path = SettingsViewController.swift; sourceTree = "<group>"; };
		B6B617CE220A364F00E7F372 /* SettingsViewController.xib */ = {isa = PBXFileReference; lastKnownFileType = file.xib; path = SettingsViewController.xib; sourceTree = "<group>"; };
		B6B617D5220A36D100E7F372 /* SplashViewController.swift */ = {isa = PBXFileReference; lastKnownFileType = sourcecode.swift; path = SplashViewController.swift; sourceTree = "<group>"; };
		B6B617D6220A36D100E7F372 /* SplashViewController.xib */ = {isa = PBXFileReference; lastKnownFileType = file.xib; path = SplashViewController.xib; sourceTree = "<group>"; };
		B6C457DB2208BD4000153920 /* iTunesAPILegacy.app */ = {isa = PBXFileReference; explicitFileType = wrapper.application; includeInIndex = 0; path = iTunesAPILegacy.app; sourceTree = BUILT_PRODUCTS_DIR; };
		B6C457DE2208BD4000153920 /* AppDelegate.swift */ = {isa = PBXFileReference; lastKnownFileType = sourcecode.swift; path = AppDelegate.swift; sourceTree = "<group>"; };
		B6C457E82208BD4100153920 /* Assets.xcassets */ = {isa = PBXFileReference; lastKnownFileType = folder.assetcatalog; path = Assets.xcassets; sourceTree = "<group>"; };
		B6C457EB2208BD4100153920 /* Base */ = {isa = PBXFileReference; lastKnownFileType = file.storyboard; name = Base; path = Base.lproj/LaunchScreen.storyboard; sourceTree = "<group>"; };
		B6C457ED2208BD4100153920 /* Info.plist */ = {isa = PBXFileReference; lastKnownFileType = text.plist.xml; path = Info.plist; sourceTree = "<group>"; };
		B6C457F22208BD4100153920 /* iTunesAPILegacyTests.xctest */ = {isa = PBXFileReference; explicitFileType = wrapper.cfbundle; includeInIndex = 0; path = iTunesAPILegacyTests.xctest; sourceTree = BUILT_PRODUCTS_DIR; };
		B6C457F62208BD4100153920 /* iTunesAPILegacyTests.swift */ = {isa = PBXFileReference; lastKnownFileType = sourcecode.swift; path = iTunesAPILegacyTests.swift; sourceTree = "<group>"; };
		B6C457F82208BD4100153920 /* Info.plist */ = {isa = PBXFileReference; lastKnownFileType = text.plist.xml; path = Info.plist; sourceTree = "<group>"; };
		B6C458022208BE4F00153920 /* CoreData.framework */ = {isa = PBXFileReference; lastKnownFileType = wrapper.framework; name = CoreData.framework; path = System/Library/Frameworks/CoreData.framework; sourceTree = SDKROOT; };
		B6C458052208BE7100153920 /* iTunesAPILegacy.xcdatamodel */ = {isa = PBXFileReference; lastKnownFileType = wrapper.xcdatamodel; path = iTunesAPILegacy.xcdatamodel; sourceTree = "<group>"; };
		B6C458082208BF4100153920 /* .gitkeep */ = {isa = PBXFileReference; lastKnownFileType = text; path = .gitkeep; sourceTree = "<group>"; };
		B6C4581B2208C1DA00153920 /* Media.swift */ = {isa = PBXFileReference; lastKnownFileType = sourcecode.swift; path = Media.swift; sourceTree = "<group>"; };
		B6C4581E2208C6BE00153920 /* CodingUserInfoKey+.swift */ = {isa = PBXFileReference; lastKnownFileType = sourcecode.swift; path = "CodingUserInfoKey+.swift"; sourceTree = "<group>"; };
		B6C458202208CAA500153920 /* CoreDataStack.swift */ = {isa = PBXFileReference; lastKnownFileType = sourcecode.swift; path = CoreDataStack.swift; sourceTree = "<group>"; };
		B6C458232208CF8200153920 /* AppConfig.swift */ = {isa = PBXFileReference; lastKnownFileType = sourcecode.swift; path = AppConfig.swift; sourceTree = "<group>"; };
		B6C458252208CFB900153920 /* Config-Develop.plist */ = {isa = PBXFileReference; lastKnownFileType = text.plist.xml; path = "Config-Develop.plist"; sourceTree = "<group>"; };
		B6C458272208CFF100153920 /* Config-Staging.plist */ = {isa = PBXFileReference; lastKnownFileType = text.plist.xml; path = "Config-Staging.plist"; sourceTree = "<group>"; };
		B6C458292208D00100153920 /* Config-Release.plist */ = {isa = PBXFileReference; lastKnownFileType = text.plist.xml; path = "Config-Release.plist"; sourceTree = "<group>"; };
		B6C4583F2208D07500153920 /* iTunesAPILegacy-Staging.app */ = {isa = PBXFileReference; explicitFileType = wrapper.application; includeInIndex = 0; path = "iTunesAPILegacy-Staging.app"; sourceTree = BUILT_PRODUCTS_DIR; };
		B6C458402208D07600153920 /* Staging-Info.plist */ = {isa = PBXFileReference; lastKnownFileType = text.plist.xml; path = "Staging-Info.plist"; sourceTree = "<group>"; };
		B6C458552208D0DD00153920 /* iTunesAPILegacy-Release.app */ = {isa = PBXFileReference; explicitFileType = wrapper.application; includeInIndex = 0; path = "iTunesAPILegacy-Release.app"; sourceTree = BUILT_PRODUCTS_DIR; };
		B6C458562208D0DD00153920 /* Release-Info.plist */ = {isa = PBXFileReference; lastKnownFileType = text.plist.xml; path = "Release-Info.plist"; sourceTree = "<group>"; };
		B6C458582208D1FE00153920 /* ServiceDefinable.swift */ = {isa = PBXFileReference; lastKnownFileType = sourcecode.swift; path = ServiceDefinable.swift; sourceTree = "<group>"; };
		B6C4585C2208D38100153920 /* Result.swift */ = {isa = PBXFileReference; lastKnownFileType = sourcecode.swift; path = Result.swift; sourceTree = "<group>"; };
		B6C458612208D3EB00153920 /* MediaService.swift */ = {isa = PBXFileReference; lastKnownFileType = sourcecode.swift; path = MediaService.swift; sourceTree = "<group>"; };
		B6C458652208D6F300153920 /* Request.swift */ = {isa = PBXFileReference; lastKnownFileType = sourcecode.swift; path = Request.swift; sourceTree = "<group>"; };
		B6C458692208D7BD00153920 /* APIProvider.swift */ = {isa = PBXFileReference; lastKnownFileType = sourcecode.swift; path = APIProvider.swift; sourceTree = "<group>"; };
		B6C4586D2208D83F00153920 /* Response.swift */ = {isa = PBXFileReference; lastKnownFileType = sourcecode.swift; path = Response.swift; sourceTree = "<group>"; };
		B6C458712208D84D00153920 /* APIError.swift */ = {isa = PBXFileReference; lastKnownFileType = sourcecode.swift; path = APIError.swift; sourceTree = "<group>"; };
		B6C458792208EB7900153920 /* API.swift */ = {isa = PBXFileReference; lastKnownFileType = sourcecode.swift; path = API.swift; sourceTree = "<group>"; };
		B6C4587D2208FE6100153920 /* String+.swift */ = {isa = PBXFileReference; lastKnownFileType = sourcecode.swift; path = "String+.swift"; sourceTree = "<group>"; };
		B6C458812208FEA300153920 /* DateFormatter+.swift */ = {isa = PBXFileReference; lastKnownFileType = sourcecode.swift; path = "DateFormatter+.swift"; sourceTree = "<group>"; };
		B6C458852208FEB000153920 /* Date+.swift */ = {isa = PBXFileReference; lastKnownFileType = sourcecode.swift; path = "Date+.swift"; sourceTree = "<group>"; };
/* End PBXFileReference section */

/* Begin PBXFrameworksBuildPhase section */
		B6C457D82208BD4000153920 /* Frameworks */ = {
			isa = PBXFrameworksBuildPhase;
			buildActionMask = 2147483647;
			files = (
				B6B6178D220A0E4800E7F372 /* SystemConfiguration.framework in Frameworks */,
				B6C458032208BE4F00153920 /* CoreData.framework in Frameworks */,
			);
			runOnlyForDeploymentPostprocessing = 0;
		};
		B6C457EF2208BD4100153920 /* Frameworks */ = {
			isa = PBXFrameworksBuildPhase;
			buildActionMask = 2147483647;
			files = (
			);
			runOnlyForDeploymentPostprocessing = 0;
		};
		B6C458332208D07500153920 /* Frameworks */ = {
			isa = PBXFrameworksBuildPhase;
			buildActionMask = 2147483647;
			files = (
				B6B6178E220A0E5000E7F372 /* SystemConfiguration.framework in Frameworks */,
				B6C458342208D07500153920 /* CoreData.framework in Frameworks */,
			);
			runOnlyForDeploymentPostprocessing = 0;
		};
		B6C458492208D0DD00153920 /* Frameworks */ = {
			isa = PBXFrameworksBuildPhase;
			buildActionMask = 2147483647;
			files = (
				B6B6178F220A0E5600E7F372 /* SystemConfiguration.framework in Frameworks */,
				B6C4584A2208D0DD00153920 /* CoreData.framework in Frameworks */,
			);
			runOnlyForDeploymentPostprocessing = 0;
		};
/* End PBXFrameworksBuildPhase section */

/* Begin PBXGroup section */
		B64C257A220975D30034C01B /* Common */ = {
			isa = PBXGroup;
			children = (
				B64C257F220976300034C01B /* Modelable.swift */,
				B64C257B220975DE0034C01B /* Identifiable.swift */,
				B64C2587220976D20034C01B /* Constants.swift */,
				B64C25A9220993080034C01B /* Observable.swift */,
			);
			path = Common;
			sourceTree = "<group>";
		};
		B64C25A422098BC30034C01B /* Media */ = {
			isa = PBXGroup;
			children = (
				B64C25A522098BD40034C01B /* MediaSearchViewModel.swift */,
				B64C25EB2209B6BE0034C01B /* MediaCellViewModel.swift */,
			);
			path = Media;
			sourceTree = "<group>";
		};
		B64C25C1220996890034C01B /* Media */ = {
			isa = PBXGroup;
			children = (
				B6B617BC220A31C100E7F372 /* List */,
			);
			path = Media;
			sourceTree = "<group>";
		};
		B64C25D22209AF260034C01B /* Cell */ = {
			isa = PBXGroup;
			children = (
				B64C25D32209AF480034C01B /* MediaCollectionViewCell.swift */,
				B64C25D42209AF480034C01B /* MediaCollectionViewCell.xib */,
			);
			path = Cell;
			sourceTree = "<group>";
		};
		B64C25F32209BAF30034C01B /* Common */ = {
			isa = PBXGroup;
			children = (
				B64C25E32209B5930034C01B /* CellViewModel.swift */,
				B64C25E72209B6170034C01B /* Settable.swift */,
				B64C25EF2209BAC80034C01B /* SectionViewModel.swift */,
			);
			path = Common;
			sourceTree = "<group>";
		};
		B64C25F42209CBC20034C01B /* Views */ = {
			isa = PBXGroup;
			children = (
				B64C25FD2209D5200034C01B /* BaseCollectionViewCell.swift */,
			);
			path = Views;
			sourceTree = "<group>";
		};
		B6B61798220A219D00E7F372 /* Utils */ = {
			isa = PBXGroup;
			children = (
				B6B61799220A21AF00E7F372 /* DeviceManager.swift */,
			);
			path = Utils;
			sourceTree = "<group>";
		};
		B6B617A5220A2AC900E7F372 /* Splash */ = {
			isa = PBXGroup;
			children = (
				B6B617D5220A36D100E7F372 /* SplashViewController.swift */,
				B6B617D6220A36D100E7F372 /* SplashViewController.xib */,
			);
			path = Splash;
			sourceTree = "<group>";
		};
		B6B617B2220A2E4100E7F372 /* Settings */ = {
			isa = PBXGroup;
			children = (
				B6B617CD220A364F00E7F372 /* SettingsViewController.swift */,
				B6B617CE220A364F00E7F372 /* SettingsViewController.xib */,
			);
			path = Settings;
			sourceTree = "<group>";
		};
		B6B617BC220A31C100E7F372 /* List */ = {
			isa = PBXGroup;
			children = (
				B64C25D22209AF260034C01B /* Cell */,
				B6B617BD220A320300E7F372 /* MediaSearchViewController.swift */,
				B6B617BE220A320300E7F372 /* MediaSearchViewController.xib */,
			);
			path = List;
			sourceTree = "<group>";
		};
		B6C457D22208BD4000153920 = {
			isa = PBXGroup;
			children = (
				B6C457DD2208BD4000153920 /* iTunesAPILegacy */,
				B6C457F52208BD4100153920 /* iTunesAPILegacyTests */,
				B6C457DC2208BD4000153920 /* Products */,
				B6C458012208BE4F00153920 /* Frameworks */,
			);
			sourceTree = "<group>";
		};
		B6C457DC2208BD4000153920 /* Products */ = {
			isa = PBXGroup;
			children = (
				B6C457DB2208BD4000153920 /* iTunesAPILegacy.app */,
				B6C457F22208BD4100153920 /* iTunesAPILegacyTests.xctest */,
				B6C4583F2208D07500153920 /* iTunesAPILegacy-Staging.app */,
				B6C458552208D0DD00153920 /* iTunesAPILegacy-Release.app */,
			);
			name = Products;
			sourceTree = "<group>";
		};
		B6C457DD2208BD4000153920 /* iTunesAPILegacy */ = {
			isa = PBXGroup;
			children = (
				B6C458082208BF4100153920 /* .gitkeep */,
				B6C458192208BFE200153920 /* Db */,
				B6C4580E2208BF6F00153920 /* Helpers */,
				B6C4580D2208BF6800153920 /* Networking */,
				B6C4580C2208BF5C00153920 /* Resources */,
				B6C4580A2208BF4900153920 /* View */,
				B6C458072208BF0700153920 /* ViewModel */,
				B6C457DE2208BD4000153920 /* AppDelegate.swift */,
			);
			path = iTunesAPILegacy;
			sourceTree = "<group>";
		};
		B6C457F52208BD4100153920 /* iTunesAPILegacyTests */ = {
			isa = PBXGroup;
			children = (
				B6C457F62208BD4100153920 /* iTunesAPILegacyTests.swift */,
				B6C457F82208BD4100153920 /* Info.plist */,
			);
			path = iTunesAPILegacyTests;
			sourceTree = "<group>";
		};
		B6C458012208BE4F00153920 /* Frameworks */ = {
			isa = PBXGroup;
			children = (
				B6B6178C220A0E4800E7F372 /* SystemConfiguration.framework */,
				B6C458022208BE4F00153920 /* CoreData.framework */,
			);
			name = Frameworks;
			sourceTree = "<group>";
		};
		B6C458072208BF0700153920 /* ViewModel */ = {
			isa = PBXGroup;
			children = (
				B64C25CE2209A4570034C01B /* BaseListViewModel.swift */,
				B64C258F22097DB90034C01B /* BaseViewModel.swift */,
				B64C25F32209BAF30034C01B /* Common */,
				B64C25A422098BC30034C01B /* Media */,
			);
			path = ViewModel;
			sourceTree = "<group>";
		};
		B6C4580A2208BF4900153920 /* View */ = {
			isa = PBXGroup;
			children = (
				B6B617B2220A2E4100E7F372 /* Settings */,
				B6B617A5220A2AC900E7F372 /* Splash */,
				B64C25C1220996890034C01B /* Media */,
				B64C259C220988DB0034C01B /* StoryboardBased.swift */,
				B64C25CA220999240034C01B /* BaseViewController.swift */,
				B6B6179D220A275700E7F372 /* NavigationController.swift */,
				B6B617A1220A295B00E7F372 /* TabController.swift */,
				B6B617C5220A332700E7F372 /* UInterfaceBased.swift */,
			);
			path = View;
			sourceTree = "<group>";
		};
		B6C4580C2208BF5C00153920 /* Resources */ = {
			isa = PBXGroup;
			children = (
				B6C457ED2208BD4100153920 /* Info.plist */,
				B6C458562208D0DD00153920 /* Release-Info.plist */,
				B6C458402208D07600153920 /* Staging-Info.plist */,
				B6C457E82208BD4100153920 /* Assets.xcassets */,
				B6C457EA2208BD4100153920 /* LaunchScreen.storyboard */,
				B6B6178A220A030200E7F372 /* Localizable.strings */,
			);
			path = Resources;
			sourceTree = "<group>";
		};
		B6C4580D2208BF6800153920 /* Networking */ = {
			isa = PBXGroup;
			children = (
				B6C458602208D3E000153920 /* Services */,
				B6C458572208D1D200153920 /* Common */,
				B6C4581A2208C1B700153920 /* Models */,
				B6C458792208EB7900153920 /* API.swift */,
			);
			path = Networking;
			sourceTree = "<group>";
		};
		B6C4580E2208BF6F00153920 /* Helpers */ = {
			isa = PBXGroup;
			children = (
				B6B61798220A219D00E7F372 /* Utils */,
				B64C25F42209CBC20034C01B /* Views */,
				B64C257A220975D30034C01B /* Common */,
				B6C4581D2208C69100153920 /* Extensions */,
				B6C458222208CF7300153920 /* Config */,
			);
			path = Helpers;
			sourceTree = "<group>";
		};
		B6C458192208BFE200153920 /* Db */ = {
			isa = PBXGroup;
			children = (
				B6C458042208BE7100153920 /* iTunesAPILegacy.xcdatamodeld */,
				B6C458202208CAA500153920 /* CoreDataStack.swift */,
			);
			path = Db;
			sourceTree = "<group>";
		};
		B6C4581A2208C1B700153920 /* Models */ = {
			isa = PBXGroup;
			children = (
				B6C4581B2208C1DA00153920 /* Media.swift */,
			);
			path = Models;
			sourceTree = "<group>";
		};
		B6C4581D2208C69100153920 /* Extensions */ = {
			isa = PBXGroup;
			children = (
				B6C4581E2208C6BE00153920 /* CodingUserInfoKey+.swift */,
				B6C4587D2208FE6100153920 /* String+.swift */,
				B6C458812208FEA300153920 /* DateFormatter+.swift */,
				B6C458852208FEB000153920 /* Date+.swift */,
				B64C25B9220994190034C01B /* UICollectionView+.swift */,
				B64C25BD220994240034C01B /* UITableView+.swift */,
				B64C25DF2209B1810034C01B /* UIImageView+.swift */,
				B64C25F52209CBDE0034C01B /* UIView+.swift */,
				B64C25F92209D2E50034C01B /* UIScrollView+.swift */,
				B6B617AE220A2B8800E7F372 /* UIApplication+.swift */,
				B6B617C9220A337500E7F372 /* UIViewController+.swift */,
			);
			name = Extensions;
			path = ../Helpers/Extensions;
			sourceTree = "<group>";
		};
		B6C458222208CF7300153920 /* Config */ = {
			isa = PBXGroup;
			children = (
				B6C458232208CF8200153920 /* AppConfig.swift */,
				B6C458252208CFB900153920 /* Config-Develop.plist */,
				B6C458272208CFF100153920 /* Config-Staging.plist */,
				B6C458292208D00100153920 /* Config-Release.plist */,
			);
			name = Config;
			path = ../Helpers/Config;
			sourceTree = "<group>";
		};
		B6C458572208D1D200153920 /* Common */ = {
			isa = PBXGroup;
			children = (
				B6C458712208D84D00153920 /* APIError.swift */,
				B6C458692208D7BD00153920 /* APIProvider.swift */,
				B6C458652208D6F300153920 /* Request.swift */,
				B6C4586D2208D83F00153920 /* Response.swift */,
				B6C4585C2208D38100153920 /* Result.swift */,
				B6C458582208D1FE00153920 /* ServiceDefinable.swift */,
				B6B61790220A0E6700E7F372 /* Reachability.swift */,
			);
			path = Common;
			sourceTree = "<group>";
		};
		B6C458602208D3E000153920 /* Services */ = {
			isa = PBXGroup;
			children = (
				B6C458612208D3EB00153920 /* MediaService.swift */,
			);
			path = Services;
			sourceTree = "<group>";
		};
/* End PBXGroup section */

/* Begin PBXNativeTarget section */
		B6C457DA2208BD4000153920 /* iTunesAPILegacy */ = {
			isa = PBXNativeTarget;
			buildConfigurationList = B6C457FB2208BD4100153920 /* Build configuration list for PBXNativeTarget "iTunesAPILegacy" */;
			buildPhases = (
				B6C457D72208BD4000153920 /* Sources */,
				B6C457D82208BD4000153920 /* Frameworks */,
				B6C457D92208BD4000153920 /* Resources */,
			);
			buildRules = (
			);
			dependencies = (
			);
			name = iTunesAPILegacy;
			productName = iTunesAPILegacy;
			productReference = B6C457DB2208BD4000153920 /* iTunesAPILegacy.app */;
			productType = "com.apple.product-type.application";
		};
		B6C457F12208BD4100153920 /* iTunesAPILegacyTests */ = {
			isa = PBXNativeTarget;
			buildConfigurationList = B6C457FE2208BD4100153920 /* Build configuration list for PBXNativeTarget "iTunesAPILegacyTests" */;
			buildPhases = (
				B6C457EE2208BD4100153920 /* Sources */,
				B6C457EF2208BD4100153920 /* Frameworks */,
				B6C457F02208BD4100153920 /* Resources */,
			);
			buildRules = (
			);
			dependencies = (
				B6C457F42208BD4100153920 /* PBXTargetDependency */,
			);
			name = iTunesAPILegacyTests;
			productName = iTunesAPILegacyTests;
			productReference = B6C457F22208BD4100153920 /* iTunesAPILegacyTests.xctest */;
			productType = "com.apple.product-type.bundle.unit-test";
		};
		B6C4582B2208D07500153920 /* iTunesAPILegacy-Staging */ = {
			isa = PBXNativeTarget;
			buildConfigurationList = B6C4583C2208D07500153920 /* Build configuration list for PBXNativeTarget "iTunesAPILegacy-Staging" */;
			buildPhases = (
				B6C4582C2208D07500153920 /* Sources */,
				B6C458332208D07500153920 /* Frameworks */,
				B6C458352208D07500153920 /* Resources */,
			);
			buildRules = (
			);
			dependencies = (
			);
			name = "iTunesAPILegacy-Staging";
			productName = iTunesAPILegacy;
			productReference = B6C4583F2208D07500153920 /* iTunesAPILegacy-Staging.app */;
			productType = "com.apple.product-type.application";
		};
		B6C458412208D0DD00153920 /* iTunesAPILegacy-Release */ = {
			isa = PBXNativeTarget;
			buildConfigurationList = B6C458522208D0DD00153920 /* Build configuration list for PBXNativeTarget "iTunesAPILegacy-Release" */;
			buildPhases = (
				B6C458422208D0DD00153920 /* Sources */,
				B6C458492208D0DD00153920 /* Frameworks */,
				B6C4584B2208D0DD00153920 /* Resources */,
			);
			buildRules = (
			);
			dependencies = (
			);
			name = "iTunesAPILegacy-Release";
			productName = iTunesAPILegacy;
			productReference = B6C458552208D0DD00153920 /* iTunesAPILegacy-Release.app */;
			productType = "com.apple.product-type.application";
		};
/* End PBXNativeTarget section */

/* Begin PBXProject section */
		B6C457D32208BD4000153920 /* Project object */ = {
			isa = PBXProject;
			attributes = {
				LastSwiftUpdateCheck = 1010;
				LastUpgradeCheck = 1010;
				ORGANIZATIONNAME = "Yunus Alkan";
				TargetAttributes = {
					B6C457DA2208BD4000153920 = {
						CreatedOnToolsVersion = 10.1;
					};
					B6C457F12208BD4100153920 = {
						CreatedOnToolsVersion = 10.1;
						TestTargetID = B6C457DA2208BD4000153920;
					};
				};
			};
			buildConfigurationList = B6C457D62208BD4000153920 /* Build configuration list for PBXProject "iTunesAPILegacy" */;
			compatibilityVersion = "Xcode 9.3";
			developmentRegion = en;
			hasScannedForEncodings = 0;
			knownRegions = (
				en,
				Base,
				tr,
			);
			mainGroup = B6C457D22208BD4000153920;
			productRefGroup = B6C457DC2208BD4000153920 /* Products */;
			projectDirPath = "";
			projectRoot = "";
			targets = (
				B6C457DA2208BD4000153920 /* iTunesAPILegacy */,
				B6C457F12208BD4100153920 /* iTunesAPILegacyTests */,
				B6C4582B2208D07500153920 /* iTunesAPILegacy-Staging */,
				B6C458412208D0DD00153920 /* iTunesAPILegacy-Release */,
			);
		};
/* End PBXProject section */

/* Begin PBXResourcesBuildPhase section */
		B6C457D92208BD4000153920 /* Resources */ = {
			isa = PBXResourcesBuildPhase;
			buildActionMask = 2147483647;
			files = (
				B6C458262208CFB900153920 /* Config-Develop.plist in Resources */,
				B6C458092208BF4100153920 /* .gitkeep in Resources */,
				B6B617C2220A320300E7F372 /* MediaSearchViewController.xib in Resources */,
				B6C457EC2208BD4100153920 /* LaunchScreen.storyboard in Resources */,
				B64C25D82209AF480034C01B /* MediaCollectionViewCell.xib in Resources */,
				B6B617D2220A364F00E7F372 /* SettingsViewController.xib in Resources */,
				B6B617DA220A36D100E7F372 /* SplashViewController.xib in Resources */,
				B6B61786220A030200E7F372 /* Localizable.strings in Resources */,
				B6C458282208CFF100153920 /* Config-Staging.plist in Resources */,
				B6C4582A2208D00100153920 /* Config-Release.plist in Resources */,
				B6C457E92208BD4100153920 /* Assets.xcassets in Resources */,
			);
			runOnlyForDeploymentPostprocessing = 0;
		};
		B6C457F02208BD4100153920 /* Resources */ = {
			isa = PBXResourcesBuildPhase;
			buildActionMask = 2147483647;
			files = (
			);
			runOnlyForDeploymentPostprocessing = 0;
		};
		B6C458352208D07500153920 /* Resources */ = {
			isa = PBXResourcesBuildPhase;
			buildActionMask = 2147483647;
			files = (
				B6C458362208D07500153920 /* Config-Develop.plist in Resources */,
				B6C458372208D07500153920 /* .gitkeep in Resources */,
				B6B617C3220A320300E7F372 /* MediaSearchViewController.xib in Resources */,
				B6C458382208D07500153920 /* LaunchScreen.storyboard in Resources */,
				B64C25D92209AF480034C01B /* MediaCollectionViewCell.xib in Resources */,
				B6B617D3220A364F00E7F372 /* SettingsViewController.xib in Resources */,
				B6B617DB220A36D100E7F372 /* SplashViewController.xib in Resources */,
				B6B61787220A030200E7F372 /* Localizable.strings in Resources */,
				B6C458392208D07500153920 /* Config-Staging.plist in Resources */,
				B6C4583A2208D07500153920 /* Config-Release.plist in Resources */,
				B6C4583B2208D07500153920 /* Assets.xcassets in Resources */,
			);
			runOnlyForDeploymentPostprocessing = 0;
		};
		B6C4584B2208D0DD00153920 /* Resources */ = {
			isa = PBXResourcesBuildPhase;
			buildActionMask = 2147483647;
			files = (
				B6C4584C2208D0DD00153920 /* Config-Develop.plist in Resources */,
				B6C4584D2208D0DD00153920 /* .gitkeep in Resources */,
				B6B617C4220A320300E7F372 /* MediaSearchViewController.xib in Resources */,
				B6C4584E2208D0DD00153920 /* LaunchScreen.storyboard in Resources */,
				B64C25DA2209AF480034C01B /* MediaCollectionViewCell.xib in Resources */,
				B6B617D4220A364F00E7F372 /* SettingsViewController.xib in Resources */,
				B6B617DC220A36D100E7F372 /* SplashViewController.xib in Resources */,
				B6B61788220A030200E7F372 /* Localizable.strings in Resources */,
				B6C4584F2208D0DD00153920 /* Config-Staging.plist in Resources */,
				B6C458502208D0DD00153920 /* Config-Release.plist in Resources */,
				B6C458512208D0DD00153920 /* Assets.xcassets in Resources */,
			);
			runOnlyForDeploymentPostprocessing = 0;
		};
/* End PBXResourcesBuildPhase section */

/* Begin PBXSourcesBuildPhase section */
		B6C457D72208BD4000153920 /* Sources */ = {
			isa = PBXSourcesBuildPhase;
			buildActionMask = 2147483647;
			files = (
				B64C25AA220993080034C01B /* Observable.swift in Sources */,
				B6C458212208CAA500153920 /* CoreDataStack.swift in Sources */,
				B6B6179E220A275700E7F372 /* NavigationController.swift in Sources */,
				B6C458592208D1FE00153920 /* ServiceDefinable.swift in Sources */,
				B64C25CB220999240034C01B /* BaseViewController.swift in Sources */,
				B6C457DF2208BD4000153920 /* AppDelegate.swift in Sources */,
				B64C25A622098BD40034C01B /* MediaSearchViewModel.swift in Sources */,
				B6B617A2220A295B00E7F372 /* TabController.swift in Sources */,
				B6B617AF220A2B8800E7F372 /* UIApplication+.swift in Sources */,
				B6C458622208D3EB00153920 /* MediaService.swift in Sources */,
				B6B617C6220A332700E7F372 /* UInterfaceBased.swift in Sources */,
				B6C4586E2208D83F00153920 /* Response.swift in Sources */,
				B6B617BF220A320300E7F372 /* MediaSearchViewController.swift in Sources */,
				B64C25E02209B1810034C01B /* UIImageView+.swift in Sources */,
				B6C458062208BE7100153920 /* iTunesAPILegacy.xcdatamodeld in Sources */,
				B64C25E42209B5930034C01B /* CellViewModel.swift in Sources */,
				B64C25FE2209D5200034C01B /* BaseCollectionViewCell.swift in Sources */,
				B6C4587A2208EB7900153920 /* API.swift in Sources */,
				B6C4587E2208FE6100153920 /* String+.swift in Sources */,
				B6C458242208CF8200153920 /* AppConfig.swift in Sources */,
				B6C4581F2208C6BE00153920 /* CodingUserInfoKey+.swift in Sources */,
				B64C25EC2209B6BE0034C01B /* MediaCellViewModel.swift in Sources */,
				B64C2588220976D20034C01B /* Constants.swift in Sources */,
				B6C458662208D6F300153920 /* Request.swift in Sources */,
				B64C259022097DB90034C01B /* BaseViewModel.swift in Sources */,
				B6B617CF220A364F00E7F372 /* SettingsViewController.swift in Sources */,
				B6C4586A2208D7BD00153920 /* APIProvider.swift in Sources */,
				B6B617CA220A337500E7F372 /* UIViewController+.swift in Sources */,
				B64C259D220988DB0034C01B /* StoryboardBased.swift in Sources */,
				B64C25F02209BAC80034C01B /* SectionViewModel.swift in Sources */,
				B64C25CF2209A4570034C01B /* BaseListViewModel.swift in Sources */,
				B64C25F62209CBDE0034C01B /* UIView+.swift in Sources */,
				B6C458862208FEB000153920 /* Date+.swift in Sources */,
				B64C2580220976300034C01B /* Modelable.swift in Sources */,
				B64C25E82209B6170034C01B /* Settable.swift in Sources */,
				B64C257C220975DE0034C01B /* Identifiable.swift in Sources */,
				B6C458822208FEA300153920 /* DateFormatter+.swift in Sources */,
				B6C4585D2208D38100153920 /* Result.swift in Sources */,
				B6C4581C2208C1DA00153920 /* Media.swift in Sources */,
				B64C25BA220994190034C01B /* UICollectionView+.swift in Sources */,
				B6B6179A220A21AF00E7F372 /* DeviceManager.swift in Sources */,
				B6B617D7220A36D100E7F372 /* SplashViewController.swift in Sources */,
				B6C458722208D84D00153920 /* APIError.swift in Sources */,
				B64C25D52209AF480034C01B /* MediaCollectionViewCell.swift in Sources */,
				B64C25BE220994240034C01B /* UITableView+.swift in Sources */,
				B64C25FA2209D2E50034C01B /* UIScrollView+.swift in Sources */,
				B6B61791220A0E6700E7F372 /* Reachability.swift in Sources */,
			);
			runOnlyForDeploymentPostprocessing = 0;
		};
		B6C457EE2208BD4100153920 /* Sources */ = {
			isa = PBXSourcesBuildPhase;
			buildActionMask = 2147483647;
			files = (
				B6C457F72208BD4100153920 /* iTunesAPILegacyTests.swift in Sources */,
			);
			runOnlyForDeploymentPostprocessing = 0;
		};
		B6C4582C2208D07500153920 /* Sources */ = {
			isa = PBXSourcesBuildPhase;
			buildActionMask = 2147483647;
			files = (
				B64C25AB220993080034C01B /* Observable.swift in Sources */,
				B6C4582D2208D07500153920 /* CoreDataStack.swift in Sources */,
				B6B6179F220A275700E7F372 /* NavigationController.swift in Sources */,
				B6C4585A2208D1FE00153920 /* ServiceDefinable.swift in Sources */,
				B64C25CC220999240034C01B /* BaseViewController.swift in Sources */,
				B6C4582E2208D07500153920 /* AppDelegate.swift in Sources */,
				B64C25A722098BD40034C01B /* MediaSearchViewModel.swift in Sources */,
				B6B617A3220A295B00E7F372 /* TabController.swift in Sources */,
				B6B617B0220A2B8800E7F372 /* UIApplication+.swift in Sources */,
				B6C458632208D3EB00153920 /* MediaService.swift in Sources */,
				B6B617C7220A332700E7F372 /* UInterfaceBased.swift in Sources */,
				B6C4586F2208D83F00153920 /* Response.swift in Sources */,
				B6B617C0220A320300E7F372 /* MediaSearchViewController.swift in Sources */,
				B64C25E12209B1810034C01B /* UIImageView+.swift in Sources */,
				B6C4582F2208D07500153920 /* iTunesAPILegacy.xcdatamodeld in Sources */,
				B64C25E52209B5930034C01B /* CellViewModel.swift in Sources */,
				B64C25FF2209D5200034C01B /* BaseCollectionViewCell.swift in Sources */,
				B6C4587B2208EB7900153920 /* API.swift in Sources */,
				B6C4587F2208FE6100153920 /* String+.swift in Sources */,
				B6C458302208D07500153920 /* AppConfig.swift in Sources */,
				B6C458312208D07500153920 /* CodingUserInfoKey+.swift in Sources */,
				B64C25ED2209B6BE0034C01B /* MediaCellViewModel.swift in Sources */,
				B64C2589220976D20034C01B /* Constants.swift in Sources */,
				B6C458672208D6F300153920 /* Request.swift in Sources */,
				B64C259122097DB90034C01B /* BaseViewModel.swift in Sources */,
				B6B617D0220A364F00E7F372 /* SettingsViewController.swift in Sources */,
				B6C4586B2208D7BD00153920 /* APIProvider.swift in Sources */,
				B6B617CB220A337500E7F372 /* UIViewController+.swift in Sources */,
				B64C259E220988DB0034C01B /* StoryboardBased.swift in Sources */,
				B64C25F12209BAC80034C01B /* SectionViewModel.swift in Sources */,
				B64C25D02209A4570034C01B /* BaseListViewModel.swift in Sources */,
				B64C25F72209CBDE0034C01B /* UIView+.swift in Sources */,
				B6C458872208FEB000153920 /* Date+.swift in Sources */,
				B64C2581220976300034C01B /* Modelable.swift in Sources */,
				B64C25E92209B6170034C01B /* Settable.swift in Sources */,
				B64C257D220975DE0034C01B /* Identifiable.swift in Sources */,
				B6C458832208FEA300153920 /* DateFormatter+.swift in Sources */,
				B6C4585E2208D38100153920 /* Result.swift in Sources */,
				B6C458322208D07500153920 /* Media.swift in Sources */,
				B64C25BB220994190034C01B /* UICollectionView+.swift in Sources */,
				B6B6179B220A21AF00E7F372 /* DeviceManager.swift in Sources */,
				B6B617D8220A36D100E7F372 /* SplashViewController.swift in Sources */,
				B6C458732208D84D00153920 /* APIError.swift in Sources */,
				B64C25D62209AF480034C01B /* MediaCollectionViewCell.swift in Sources */,
				B64C25BF220994240034C01B /* UITableView+.swift in Sources */,
				B64C25FB2209D2E50034C01B /* UIScrollView+.swift in Sources */,
				B6B61792220A0E6700E7F372 /* Reachability.swift in Sources */,
			);
			runOnlyForDeploymentPostprocessing = 0;
		};
		B6C458422208D0DD00153920 /* Sources */ = {
			isa = PBXSourcesBuildPhase;
			buildActionMask = 2147483647;
			files = (
				B64C25AC220993080034C01B /* Observable.swift in Sources */,
				B6C458432208D0DD00153920 /* CoreDataStack.swift in Sources */,
				B6B617A0220A275700E7F372 /* NavigationController.swift in Sources */,
				B6C4585B2208D1FE00153920 /* ServiceDefinable.swift in Sources */,
				B64C25CD220999240034C01B /* BaseViewController.swift in Sources */,
				B6C458442208D0DD00153920 /* AppDelegate.swift in Sources */,
				B64C25A822098BD40034C01B /* MediaSearchViewModel.swift in Sources */,
				B6B617A4220A295B00E7F372 /* TabController.swift in Sources */,
				B6B617B1220A2B8800E7F372 /* UIApplication+.swift in Sources */,
				B6C458642208D3EB00153920 /* MediaService.swift in Sources */,
				B6B617C8220A332700E7F372 /* UInterfaceBased.swift in Sources */,
				B6C458702208D83F00153920 /* Response.swift in Sources */,
				B6B617C1220A320300E7F372 /* MediaSearchViewController.swift in Sources */,
				B64C25E22209B1810034C01B /* UIImageView+.swift in Sources */,
				B6C458452208D0DD00153920 /* iTunesAPILegacy.xcdatamodeld in Sources */,
				B64C25E62209B5930034C01B /* CellViewModel.swift in Sources */,
				B64C26002209D5200034C01B /* BaseCollectionViewCell.swift in Sources */,
				B6C4587C2208EB7900153920 /* API.swift in Sources */,
				B6C458802208FE6100153920 /* String+.swift in Sources */,
				B6C458462208D0DD00153920 /* AppConfig.swift in Sources */,
				B6C458472208D0DD00153920 /* CodingUserInfoKey+.swift in Sources */,
				B64C25EE2209B6BE0034C01B /* MediaCellViewModel.swift in Sources */,
				B64C258A220976D20034C01B /* Constants.swift in Sources */,
				B6C458682208D6F300153920 /* Request.swift in Sources */,
				B64C259222097DB90034C01B /* BaseViewModel.swift in Sources */,
				B6B617D1220A364F00E7F372 /* SettingsViewController.swift in Sources */,
				B6C4586C2208D7BD00153920 /* APIProvider.swift in Sources */,
				B6B617CC220A337500E7F372 /* UIViewController+.swift in Sources */,
				B64C259F220988DB0034C01B /* StoryboardBased.swift in Sources */,
				B64C25F22209BAC80034C01B /* SectionViewModel.swift in Sources */,
				B64C25D12209A4570034C01B /* BaseListViewModel.swift in Sources */,
				B64C25F82209CBDE0034C01B /* UIView+.swift in Sources */,
				B6C458882208FEB000153920 /* Date+.swift in Sources */,
				B64C2582220976300034C01B /* Modelable.swift in Sources */,
				B64C25EA2209B6170034C01B /* Settable.swift in Sources */,
				B64C257E220975DE0034C01B /* Identifiable.swift in Sources */,
				B6C458842208FEA300153920 /* DateFormatter+.swift in Sources */,
				B6C4585F2208D38100153920 /* Result.swift in Sources */,
				B6C458482208D0DD00153920 /* Media.swift in Sources */,
				B64C25BC220994190034C01B /* UICollectionView+.swift in Sources */,
				B6B6179C220A21AF00E7F372 /* DeviceManager.swift in Sources */,
				B6B617D9220A36D100E7F372 /* SplashViewController.swift in Sources */,
				B6C458742208D84D00153920 /* APIError.swift in Sources */,
				B64C25D72209AF480034C01B /* MediaCollectionViewCell.swift in Sources */,
				B64C25C0220994240034C01B /* UITableView+.swift in Sources */,
				B64C25FC2209D2E50034C01B /* UIScrollView+.swift in Sources */,
				B6B61793220A0E6700E7F372 /* Reachability.swift in Sources */,
			);
			runOnlyForDeploymentPostprocessing = 0;
		};
/* End PBXSourcesBuildPhase section */

/* Begin PBXTargetDependency section */
		B6C457F42208BD4100153920 /* PBXTargetDependency */ = {
			isa = PBXTargetDependency;
			target = B6C457DA2208BD4000153920 /* iTunesAPILegacy */;
			targetProxy = B6C457F32208BD4100153920 /* PBXContainerItemProxy */;
		};
/* End PBXTargetDependency section */

/* Begin PBXVariantGroup section */
		B6B6178A220A030200E7F372 /* Localizable.strings */ = {
			isa = PBXVariantGroup;
			children = (
				B6B61789220A030200E7F372 /* en */,
				B6B6178B220A032600E7F372 /* tr */,
			);
			name = Localizable.strings;
			sourceTree = "<group>";
		};
		B6C457EA2208BD4100153920 /* LaunchScreen.storyboard */ = {
			isa = PBXVariantGroup;
			children = (
				B6C457EB2208BD4100153920 /* Base */,
			);
			name = LaunchScreen.storyboard;
			sourceTree = "<group>";
		};
/* End PBXVariantGroup section */

/* Begin XCBuildConfiguration section */
		B6C457F92208BD4100153920 /* Debug */ = {
			isa = XCBuildConfiguration;
			buildSettings = {
				ALWAYS_SEARCH_USER_PATHS = NO;
				CLANG_ANALYZER_LOCALIZABILITY_NONLOCALIZED = YES;
				CLANG_ANALYZER_NONNULL = YES;
				CLANG_ANALYZER_NUMBER_OBJECT_CONVERSION = YES_AGGRESSIVE;
				CLANG_CXX_LANGUAGE_STANDARD = "gnu++14";
				CLANG_CXX_LIBRARY = "libc++";
				CLANG_ENABLE_MODULES = YES;
				CLANG_ENABLE_OBJC_ARC = YES;
				CLANG_ENABLE_OBJC_WEAK = YES;
				CLANG_WARN_BLOCK_CAPTURE_AUTORELEASING = YES;
				CLANG_WARN_BOOL_CONVERSION = YES;
				CLANG_WARN_COMMA = YES;
				CLANG_WARN_CONSTANT_CONVERSION = YES;
				CLANG_WARN_DEPRECATED_OBJC_IMPLEMENTATIONS = YES;
				CLANG_WARN_DIRECT_OBJC_ISA_USAGE = YES_ERROR;
				CLANG_WARN_DOCUMENTATION_COMMENTS = YES;
				CLANG_WARN_EMPTY_BODY = YES;
				CLANG_WARN_ENUM_CONVERSION = YES;
				CLANG_WARN_INFINITE_RECURSION = YES;
				CLANG_WARN_INT_CONVERSION = YES;
				CLANG_WARN_NON_LITERAL_NULL_CONVERSION = YES;
				CLANG_WARN_OBJC_IMPLICIT_RETAIN_SELF = YES;
				CLANG_WARN_OBJC_LITERAL_CONVERSION = YES;
				CLANG_WARN_OBJC_ROOT_CLASS = YES_ERROR;
				CLANG_WARN_RANGE_LOOP_ANALYSIS = YES;
				CLANG_WARN_STRICT_PROTOTYPES = YES;
				CLANG_WARN_SUSPICIOUS_MOVE = YES;
				CLANG_WARN_UNGUARDED_AVAILABILITY = YES_AGGRESSIVE;
				CLANG_WARN_UNREACHABLE_CODE = YES;
				CLANG_WARN__DUPLICATE_METHOD_MATCH = YES;
				CODE_SIGN_IDENTITY = "iPhone Developer";
				COPY_PHASE_STRIP = NO;
				DEBUG_INFORMATION_FORMAT = dwarf;
				ENABLE_STRICT_OBJC_MSGSEND = YES;
				ENABLE_TESTABILITY = YES;
				GCC_C_LANGUAGE_STANDARD = gnu11;
				GCC_DYNAMIC_NO_PIC = NO;
				GCC_NO_COMMON_BLOCKS = YES;
				GCC_OPTIMIZATION_LEVEL = 0;
				GCC_PREPROCESSOR_DEFINITIONS = (
					"DEBUG=1",
					"$(inherited)",
				);
				GCC_WARN_64_TO_32_BIT_CONVERSION = YES;
				GCC_WARN_ABOUT_RETURN_TYPE = YES_ERROR;
				GCC_WARN_UNDECLARED_SELECTOR = YES;
				GCC_WARN_UNINITIALIZED_AUTOS = YES_AGGRESSIVE;
				GCC_WARN_UNUSED_FUNCTION = YES;
				GCC_WARN_UNUSED_VARIABLE = YES;
				IPHONEOS_DEPLOYMENT_TARGET = 12.1;
				MTL_ENABLE_DEBUG_INFO = INCLUDE_SOURCE;
				MTL_FAST_MATH = YES;
				ONLY_ACTIVE_ARCH = YES;
				SDKROOT = iphoneos;
				SWIFT_ACTIVE_COMPILATION_CONDITIONS = DEBUG;
				SWIFT_OPTIMIZATION_LEVEL = "-Onone";
			};
			name = Debug;
		};
		B6C457FA2208BD4100153920 /* Release */ = {
			isa = XCBuildConfiguration;
			buildSettings = {
				ALWAYS_SEARCH_USER_PATHS = NO;
				CLANG_ANALYZER_LOCALIZABILITY_NONLOCALIZED = YES;
				CLANG_ANALYZER_NONNULL = YES;
				CLANG_ANALYZER_NUMBER_OBJECT_CONVERSION = YES_AGGRESSIVE;
				CLANG_CXX_LANGUAGE_STANDARD = "gnu++14";
				CLANG_CXX_LIBRARY = "libc++";
				CLANG_ENABLE_MODULES = YES;
				CLANG_ENABLE_OBJC_ARC = YES;
				CLANG_ENABLE_OBJC_WEAK = YES;
				CLANG_WARN_BLOCK_CAPTURE_AUTORELEASING = YES;
				CLANG_WARN_BOOL_CONVERSION = YES;
				CLANG_WARN_COMMA = YES;
				CLANG_WARN_CONSTANT_CONVERSION = YES;
				CLANG_WARN_DEPRECATED_OBJC_IMPLEMENTATIONS = YES;
				CLANG_WARN_DIRECT_OBJC_ISA_USAGE = YES_ERROR;
				CLANG_WARN_DOCUMENTATION_COMMENTS = YES;
				CLANG_WARN_EMPTY_BODY = YES;
				CLANG_WARN_ENUM_CONVERSION = YES;
				CLANG_WARN_INFINITE_RECURSION = YES;
				CLANG_WARN_INT_CONVERSION = YES;
				CLANG_WARN_NON_LITERAL_NULL_CONVERSION = YES;
				CLANG_WARN_OBJC_IMPLICIT_RETAIN_SELF = YES;
				CLANG_WARN_OBJC_LITERAL_CONVERSION = YES;
				CLANG_WARN_OBJC_ROOT_CLASS = YES_ERROR;
				CLANG_WARN_RANGE_LOOP_ANALYSIS = YES;
				CLANG_WARN_STRICT_PROTOTYPES = YES;
				CLANG_WARN_SUSPICIOUS_MOVE = YES;
				CLANG_WARN_UNGUARDED_AVAILABILITY = YES_AGGRESSIVE;
				CLANG_WARN_UNREACHABLE_CODE = YES;
				CLANG_WARN__DUPLICATE_METHOD_MATCH = YES;
				CODE_SIGN_IDENTITY = "iPhone Developer";
				COPY_PHASE_STRIP = NO;
				DEBUG_INFORMATION_FORMAT = "dwarf-with-dsym";
				ENABLE_NS_ASSERTIONS = NO;
				ENABLE_STRICT_OBJC_MSGSEND = YES;
				GCC_C_LANGUAGE_STANDARD = gnu11;
				GCC_NO_COMMON_BLOCKS = YES;
				GCC_WARN_64_TO_32_BIT_CONVERSION = YES;
				GCC_WARN_ABOUT_RETURN_TYPE = YES_ERROR;
				GCC_WARN_UNDECLARED_SELECTOR = YES;
				GCC_WARN_UNINITIALIZED_AUTOS = YES_AGGRESSIVE;
				GCC_WARN_UNUSED_FUNCTION = YES;
				GCC_WARN_UNUSED_VARIABLE = YES;
				IPHONEOS_DEPLOYMENT_TARGET = 12.1;
				MTL_ENABLE_DEBUG_INFO = NO;
				MTL_FAST_MATH = YES;
				SDKROOT = iphoneos;
				SWIFT_COMPILATION_MODE = wholemodule;
				SWIFT_OPTIMIZATION_LEVEL = "-O";
				VALIDATE_PRODUCT = YES;
			};
			name = Release;
		};
		B6C457FC2208BD4100153920 /* Debug */ = {
			isa = XCBuildConfiguration;
			buildSettings = {
				ASSETCATALOG_COMPILER_APPICON_NAME = AppIcon;
				CODE_SIGN_STYLE = Manual;
				DEVELOPMENT_TEAM = "";
				INFOPLIST_FILE = "$(SRCROOT)/iTunesAPILegacy/Resources/Info.plist";
				IPHONEOS_DEPLOYMENT_TARGET = 9.0;
				LD_RUNPATH_SEARCH_PATHS = (
					"$(inherited)",
					"@executable_path/Frameworks",
				);
				PRODUCT_BUNDLE_IDENTIFIER = com.yunusalkan.iTunesAPILegacy;
				PRODUCT_NAME = "$(TARGET_NAME)";
				PROVISIONING_PROFILE_SPECIFIER = "";
				SWIFT_VERSION = 4.2;
				TARGETED_DEVICE_FAMILY = "1,2";
			};
			name = Debug;
		};
		B6C457FD2208BD4100153920 /* Release */ = {
			isa = XCBuildConfiguration;
			buildSettings = {
				ASSETCATALOG_COMPILER_APPICON_NAME = AppIcon;
				CODE_SIGN_STYLE = Manual;
				DEVELOPMENT_TEAM = "";
				INFOPLIST_FILE = "$(SRCROOT)/iTunesAPILegacy/Resources/Info.plist";
				IPHONEOS_DEPLOYMENT_TARGET = 9.0;
				LD_RUNPATH_SEARCH_PATHS = (
					"$(inherited)",
					"@executable_path/Frameworks",
				);
				PRODUCT_BUNDLE_IDENTIFIER = com.yunusalkan.iTunesAPILegacy;
				PRODUCT_NAME = "$(TARGET_NAME)";
				PROVISIONING_PROFILE_SPECIFIER = "";
				SWIFT_VERSION = 4.2;
				TARGETED_DEVICE_FAMILY = "1,2";
			};
			name = Release;
		};
		B6C457FF2208BD4100153920 /* Debug */ = {
			isa = XCBuildConfiguration;
			buildSettings = {
				ALWAYS_EMBED_SWIFT_STANDARD_LIBRARIES = YES;
				BUNDLE_LOADER = "$(TEST_HOST)";
				CODE_SIGN_STYLE = Automatic;
				INFOPLIST_FILE = iTunesAPILegacyTests/Info.plist;
				LD_RUNPATH_SEARCH_PATHS = (
					"$(inherited)",
					"@executable_path/Frameworks",
					"@loader_path/Frameworks",
				);
				PRODUCT_BUNDLE_IDENTIFIER = com.yunusalkan.iTunesAPILegacyTests;
				PRODUCT_NAME = "$(TARGET_NAME)";
				SWIFT_VERSION = 4.2;
				TARGETED_DEVICE_FAMILY = "1,2";
				TEST_HOST = "$(BUILT_PRODUCTS_DIR)/iTunesAPILegacy.app/iTunesAPILegacy";
			};
			name = Debug;
		};
		B6C458002208BD4100153920 /* Release */ = {
			isa = XCBuildConfiguration;
			buildSettings = {
				ALWAYS_EMBED_SWIFT_STANDARD_LIBRARIES = YES;
				BUNDLE_LOADER = "$(TEST_HOST)";
				CODE_SIGN_STYLE = Automatic;
				INFOPLIST_FILE = iTunesAPILegacyTests/Info.plist;
				LD_RUNPATH_SEARCH_PATHS = (
					"$(inherited)",
					"@executable_path/Frameworks",
					"@loader_path/Frameworks",
				);
				PRODUCT_BUNDLE_IDENTIFIER = com.yunusalkan.iTunesAPILegacyTests;
				PRODUCT_NAME = "$(TARGET_NAME)";
				SWIFT_VERSION = 4.2;
				TARGETED_DEVICE_FAMILY = "1,2";
				TEST_HOST = "$(BUILT_PRODUCTS_DIR)/iTunesAPILegacy.app/iTunesAPILegacy";
			};
			name = Release;
		};
		B6C4583D2208D07500153920 /* Debug */ = {
			isa = XCBuildConfiguration;
			buildSettings = {
				ASSETCATALOG_COMPILER_APPICON_NAME = AppIcon;
				CODE_SIGN_STYLE = Manual;
				DEVELOPMENT_TEAM = "";
				INFOPLIST_FILE = "$(SRCROOT)/iTunesAPILegacy/Resources/Staging-Info.plist";
				IPHONEOS_DEPLOYMENT_TARGET = 9.0;
				LD_RUNPATH_SEARCH_PATHS = (
					"$(inherited)",
					"@executable_path/Frameworks",
				);
				PRODUCT_BUNDLE_IDENTIFIER = "com.yunusalkan.iTunesAPILegacy-Staging";
				PRODUCT_NAME = "$(TARGET_NAME)";
				PROVISIONING_PROFILE_SPECIFIER = "";
				SWIFT_VERSION = 4.2;
				TARGETED_DEVICE_FAMILY = "1,2";
			};
			name = Debug;
		};
		B6C4583E2208D07500153920 /* Release */ = {
			isa = XCBuildConfiguration;
			buildSettings = {
				ASSETCATALOG_COMPILER_APPICON_NAME = AppIcon;
				CODE_SIGN_STYLE = Manual;
				DEVELOPMENT_TEAM = "";
				INFOPLIST_FILE = "$(SRCROOT)/iTunesAPILegacy/Resources/Staging-Info.plist";
				IPHONEOS_DEPLOYMENT_TARGET = 9.0;
				LD_RUNPATH_SEARCH_PATHS = (
					"$(inherited)",
					"@executable_path/Frameworks",
				);
				PRODUCT_BUNDLE_IDENTIFIER = "com.yunusalkan.iTunesAPILegacy-Staging";
				PRODUCT_NAME = "$(TARGET_NAME)";
				PROVISIONING_PROFILE_SPECIFIER = "";
				SWIFT_VERSION = 4.2;
				TARGETED_DEVICE_FAMILY = "1,2";
			};
			name = Release;
		};
		B6C458532208D0DD00153920 /* Debug */ = {
			isa = XCBuildConfiguration;
			buildSettings = {
				ASSETCATALOG_COMPILER_APPICON_NAME = AppIcon;
				CODE_SIGN_STYLE = Manual;
				DEVELOPMENT_TEAM = "";
				INFOPLIST_FILE = "$(SRCROOT)/iTunesAPILegacy/Resources/Release-Info.plist";
				IPHONEOS_DEPLOYMENT_TARGET = 9.0;
				LD_RUNPATH_SEARCH_PATHS = (
					"$(inherited)",
					"@executable_path/Frameworks",
				);
				PRODUCT_BUNDLE_IDENTIFIER = "com.yunusalkan.iTunesAPILegacy-Release";
				PRODUCT_NAME = "$(TARGET_NAME)";
				PROVISIONING_PROFILE_SPECIFIER = "";
				SWIFT_VERSION = 4.2;
				TARGETED_DEVICE_FAMILY = "1,2";
			};
			name = Debug;
		};
		B6C458542208D0DD00153920 /* Release */ = {
			isa = XCBuildConfiguration;
			buildSettings = {
				ASSETCATALOG_COMPILER_APPICON_NAME = AppIcon;
				CODE_SIGN_STYLE = Manual;
				DEVELOPMENT_TEAM = "";
				INFOPLIST_FILE = "$(SRCROOT)/iTunesAPILegacy/Resources/Release-Info.plist";
				IPHONEOS_DEPLOYMENT_TARGET = 9.0;
				LD_RUNPATH_SEARCH_PATHS = (
					"$(inherited)",
					"@executable_path/Frameworks",
				);
				PRODUCT_BUNDLE_IDENTIFIER = "com.yunusalkan.iTunesAPILegacy-Release";
				PRODUCT_NAME = "$(TARGET_NAME)";
				PROVISIONING_PROFILE_SPECIFIER = "";
				SWIFT_VERSION = 4.2;
				TARGETED_DEVICE_FAMILY = "1,2";
			};
			name = Release;
		};
/* End XCBuildConfiguration section */

/* Begin XCConfigurationList section */
		B6C457D62208BD4000153920 /* Build configuration list for PBXProject "iTunesAPILegacy" */ = {
			isa = XCConfigurationList;
			buildConfigurations = (
				B6C457F92208BD4100153920 /* Debug */,
				B6C457FA2208BD4100153920 /* Release */,
			);
			defaultConfigurationIsVisible = 0;
			defaultConfigurationName = Release;
		};
		B6C457FB2208BD4100153920 /* Build configuration list for PBXNativeTarget "iTunesAPILegacy" */ = {
			isa = XCConfigurationList;
			buildConfigurations = (
				B6C457FC2208BD4100153920 /* Debug */,
				B6C457FD2208BD4100153920 /* Release */,
			);
			defaultConfigurationIsVisible = 0;
			defaultConfigurationName = Release;
		};
		B6C457FE2208BD4100153920 /* Build configuration list for PBXNativeTarget "iTunesAPILegacyTests" */ = {
			isa = XCConfigurationList;
			buildConfigurations = (
				B6C457FF2208BD4100153920 /* Debug */,
				B6C458002208BD4100153920 /* Release */,
			);
			defaultConfigurationIsVisible = 0;
			defaultConfigurationName = Release;
		};
		B6C4583C2208D07500153920 /* Build configuration list for PBXNativeTarget "iTunesAPILegacy-Staging" */ = {
			isa = XCConfigurationList;
			buildConfigurations = (
				B6C4583D2208D07500153920 /* Debug */,
				B6C4583E2208D07500153920 /* Release */,
			);
			defaultConfigurationIsVisible = 0;
			defaultConfigurationName = Release;
		};
		B6C458522208D0DD00153920 /* Build configuration list for PBXNativeTarget "iTunesAPILegacy-Release" */ = {
			isa = XCConfigurationList;
			buildConfigurations = (
				B6C458532208D0DD00153920 /* Debug */,
				B6C458542208D0DD00153920 /* Release */,
			);
			defaultConfigurationIsVisible = 0;
			defaultConfigurationName = Release;
		};
/* End XCConfigurationList section */

/* Begin XCVersionGroup section */
		B6C458042208BE7100153920 /* iTunesAPILegacy.xcdatamodeld */ = {
			isa = XCVersionGroup;
			children = (
				B6C458052208BE7100153920 /* iTunesAPILegacy.xcdatamodel */,
			);
			currentVersion = B6C458052208BE7100153920 /* iTunesAPILegacy.xcdatamodel */;
			path = iTunesAPILegacy.xcdatamodeld;
			sourceTree = "<group>";
			versionGroupType = wrapper.xcdatamodel;
		};
/* End XCVersionGroup section */
	};
	rootObject = B6C457D32208BD4000153920 /* Project object */;
}
